
Microsoft Visual Studio Solution File, Format Version 12.00
# Visual Studio Version 17
VisualStudioVersion = 17.0.31903.59
MinimumVisualStudioVersion = 10.0.40219.1
Project("{2150E333-8FDC-42A3-9474-1A3956D46DE8}") = "src", "src", "{AFCE2754-2BDC-4D0C-84A7-2552DEAFCEFD}"
	ProjectSection(SolutionItems) = preProject
		src\DotIMagick.props = src\DotIMagick.props
	EndProjectSection
EndProject
Project("{9A19103F-16F7-4668-BE54-9A1E7A4F7556}") = "DotIMagick.SourceGenerator", "src\DotIMagick.SourceGenerator\DotIMagick.SourceGenerator.csproj", "{8D4F3F3E-96B3-473F-B7CC-36ED5878DABC}"
EndProject
Project("{9A19103F-16F7-4668-BE54-9A1E7A4F7556}") = "DotIMagick.Core", "src\DotIMagick.Core\DotIMagick.Core.csproj", "{09729E70-F78F-4474-8ECC-F6D4C4029C85}"
EndProject
Project("{9A19103F-16F7-4668-BE54-9A1E7A4F7556}") = "DotIMagick", "src\DotIMagick\DotIMagick.csproj", "{B71824E7-A3DA-4B30-88B7-0B6633CB73A5}"
EndProject
Project("{2150E333-8FDC-42A3-9474-1A3956D46DE8}") = "samples", "samples", "{2701758D-4B66-413C-B118-9FD4D7E8F0D7}"
EndProject
Project("{9A19103F-16F7-4668-BE54-9A1E7A4F7556}") = "example", "samples\example\example.csproj", "{159287BE-9E61-428E-95B4-18C1CBD99DC7}"
EndProject
Project("{888888A0-9F3D-457C-B088-3A5042F75D52}") = "aot_example", "samples\aot_example\aot_example.pyproj", "{6F0468A9-22FA-4965-AC93-2B0B6E007417}"
EndProject
Project("{9A19103F-16F7-4668-BE54-9A1E7A4F7556}") = "aot_example_DotIMaickAOT", "samples\aot_example\aot_example_DotIMaickAOT\aot_example_DotIMaickAOT.csproj", "{4D78DF03-956C-4BA6-84C1-7023C41672E3}"
EndProject
Global
	GlobalSection(SolutionConfigurationPlatforms) = preSolution
		Debug|Any CPU = Debug|Any CPU
		Debug|arm64 = Debug|arm64
		Debug|x64 = Debug|x64
		Debug|x86 = Debug|x86
		DebugQ16|Any CPU = DebugQ16|Any CPU
		DebugQ16|arm64 = DebugQ16|arm64
		DebugQ16|x64 = DebugQ16|x64
		DebugQ16|x86 = DebugQ16|x86
		DebugQ16-HDRI|Any CPU = DebugQ16-HDRI|Any CPU
		DebugQ16-HDRI|arm64 = DebugQ16-HDRI|arm64
		DebugQ16-HDRI|x64 = DebugQ16-HDRI|x64
		DebugQ16-HDRI|x86 = DebugQ16-HDRI|x86
		DebugQ8|Any CPU = DebugQ8|Any CPU
		DebugQ8|arm64 = DebugQ8|arm64
		DebugQ8|x64 = DebugQ8|x64
		DebugQ8|x86 = DebugQ8|x86
		Release|Any CPU = Release|Any CPU
		Release|arm64 = Release|arm64
		Release|x64 = Release|x64
		Release|x86 = Release|x86
		ReleaseQ16|Any CPU = ReleaseQ16|Any CPU
		ReleaseQ16|arm64 = ReleaseQ16|arm64
		ReleaseQ16|x64 = ReleaseQ16|x64
		ReleaseQ16|x86 = ReleaseQ16|x86
		ReleaseQ16-HDRI|Any CPU = ReleaseQ16-HDRI|Any CPU
		ReleaseQ16-HDRI|arm64 = ReleaseQ16-HDRI|arm64
		ReleaseQ16-HDRI|x64 = ReleaseQ16-HDRI|x64
		ReleaseQ16-HDRI|x86 = ReleaseQ16-HDRI|x86
		ReleaseQ16-HDRI-OpenMP|Any CPU = ReleaseQ16-HDRI-OpenMP|Any CPU
		ReleaseQ16-HDRI-OpenMP|arm64 = ReleaseQ16-HDRI-OpenMP|arm64
		ReleaseQ16-HDRI-OpenMP|x64 = ReleaseQ16-HDRI-OpenMP|x64
		ReleaseQ16-HDRI-OpenMP|x86 = ReleaseQ16-HDRI-OpenMP|x86
		ReleaseQ16-OpenMP|Any CPU = ReleaseQ16-OpenMP|Any CPU
		ReleaseQ16-OpenMP|arm64 = ReleaseQ16-OpenMP|arm64
		ReleaseQ16-OpenMP|x64 = ReleaseQ16-OpenMP|x64
		ReleaseQ16-OpenMP|x86 = ReleaseQ16-OpenMP|x86
		ReleaseQ8|Any CPU = ReleaseQ8|Any CPU
		ReleaseQ8|arm64 = ReleaseQ8|arm64
		ReleaseQ8|x64 = ReleaseQ8|x64
		ReleaseQ8|x86 = ReleaseQ8|x86
		ReleaseQ8-OpenMP|Any CPU = ReleaseQ8-OpenMP|Any CPU
		ReleaseQ8-OpenMP|arm64 = ReleaseQ8-OpenMP|arm64
		ReleaseQ8-OpenMP|x64 = ReleaseQ8-OpenMP|x64
		ReleaseQ8-OpenMP|x86 = ReleaseQ8-OpenMP|x86
		Test|Any CPU = Test|Any CPU
		Test|arm64 = Test|arm64
		Test|x64 = Test|x64
		Test|x86 = Test|x86
		TestQ16|Any CPU = TestQ16|Any CPU
		TestQ16|arm64 = TestQ16|arm64
		TestQ16|x64 = TestQ16|x64
		TestQ16|x86 = TestQ16|x86
		TestQ16-HDRI|Any CPU = TestQ16-HDRI|Any CPU
		TestQ16-HDRI|arm64 = TestQ16-HDRI|arm64
		TestQ16-HDRI|x64 = TestQ16-HDRI|x64
		TestQ16-HDRI|x86 = TestQ16-HDRI|x86
		TestQ16-HDRI-OpenMP|Any CPU = TestQ16-HDRI-OpenMP|Any CPU
		TestQ16-HDRI-OpenMP|arm64 = TestQ16-HDRI-OpenMP|arm64
		TestQ16-HDRI-OpenMP|x64 = TestQ16-HDRI-OpenMP|x64
		TestQ16-HDRI-OpenMP|x86 = TestQ16-HDRI-OpenMP|x86
		TestQ16-OpenMP|Any CPU = TestQ16-OpenMP|Any CPU
		TestQ16-OpenMP|arm64 = TestQ16-OpenMP|arm64
		TestQ16-OpenMP|x64 = TestQ16-OpenMP|x64
		TestQ16-OpenMP|x86 = TestQ16-OpenMP|x86
		TestQ8|Any CPU = TestQ8|Any CPU
		TestQ8|arm64 = TestQ8|arm64
		TestQ8|x64 = TestQ8|x64
		TestQ8|x86 = TestQ8|x86
		TestQ8-OpenMP|Any CPU = TestQ8-OpenMP|Any CPU
		TestQ8-OpenMP|arm64 = TestQ8-OpenMP|arm64
		TestQ8-OpenMP|x64 = TestQ8-OpenMP|x64
		TestQ8-OpenMP|x86 = TestQ8-OpenMP|x86
	EndGlobalSection
	GlobalSection(ProjectConfigurationPlatforms) = postSolution
		{8D4F3F3E-96B3-473F-B7CC-36ED5878DABC}.Debug|Any CPU.ActiveCfg = Debug|Any CPU
		{8D4F3F3E-96B3-473F-B7CC-36ED5878DABC}.Debug|Any CPU.Build.0 = Debug|Any CPU
		{8D4F3F3E-96B3-473F-B7CC-36ED5878DABC}.Debug|arm64.ActiveCfg = Debug|Any CPU
		{8D4F3F3E-96B3-473F-B7CC-36ED5878DABC}.Debug|arm64.Build.0 = Debug|Any CPU
		{8D4F3F3E-96B3-473F-B7CC-36ED5878DABC}.Debug|x64.ActiveCfg = Debug|Any CPU
		{8D4F3F3E-96B3-473F-B7CC-36ED5878DABC}.Debug|x64.Build.0 = Debug|Any CPU
		{8D4F3F3E-96B3-473F-B7CC-36ED5878DABC}.Debug|x86.ActiveCfg = Debug|Any CPU
		{8D4F3F3E-96B3-473F-B7CC-36ED5878DABC}.Debug|x86.Build.0 = Debug|Any CPU
		{8D4F3F3E-96B3-473F-B7CC-36ED5878DABC}.DebugQ16|Any CPU.ActiveCfg = DebugQ8|Any CPU
		{8D4F3F3E-96B3-473F-B7CC-36ED5878DABC}.DebugQ16|Any CPU.Build.0 = DebugQ8|Any CPU
		{8D4F3F3E-96B3-473F-B7CC-36ED5878DABC}.DebugQ16|arm64.ActiveCfg = DebugQ8|Any CPU
		{8D4F3F3E-96B3-473F-B7CC-36ED5878DABC}.DebugQ16|arm64.Build.0 = DebugQ8|Any CPU
		{8D4F3F3E-96B3-473F-B7CC-36ED5878DABC}.DebugQ16|x64.ActiveCfg = DebugQ8|Any CPU
		{8D4F3F3E-96B3-473F-B7CC-36ED5878DABC}.DebugQ16|x64.Build.0 = DebugQ8|Any CPU
		{8D4F3F3E-96B3-473F-B7CC-36ED5878DABC}.DebugQ16|x86.ActiveCfg = DebugQ8|Any CPU
		{8D4F3F3E-96B3-473F-B7CC-36ED5878DABC}.DebugQ16|x86.Build.0 = DebugQ8|Any CPU
		{8D4F3F3E-96B3-473F-B7CC-36ED5878DABC}.DebugQ16-HDRI|Any CPU.ActiveCfg = DebugQ8|Any CPU
		{8D4F3F3E-96B3-473F-B7CC-36ED5878DABC}.DebugQ16-HDRI|Any CPU.Build.0 = DebugQ8|Any CPU
		{8D4F3F3E-96B3-473F-B7CC-36ED5878DABC}.DebugQ16-HDRI|arm64.ActiveCfg = DebugQ8|Any CPU
		{8D4F3F3E-96B3-473F-B7CC-36ED5878DABC}.DebugQ16-HDRI|arm64.Build.0 = DebugQ8|Any CPU
		{8D4F3F3E-96B3-473F-B7CC-36ED5878DABC}.DebugQ16-HDRI|x64.ActiveCfg = DebugQ8|Any CPU
		{8D4F3F3E-96B3-473F-B7CC-36ED5878DABC}.DebugQ16-HDRI|x64.Build.0 = DebugQ8|Any CPU
		{8D4F3F3E-96B3-473F-B7CC-36ED5878DABC}.DebugQ16-HDRI|x86.ActiveCfg = DebugQ8|Any CPU
		{8D4F3F3E-96B3-473F-B7CC-36ED5878DABC}.DebugQ16-HDRI|x86.Build.0 = DebugQ8|Any CPU
		{8D4F3F3E-96B3-473F-B7CC-36ED5878DABC}.DebugQ8|Any CPU.ActiveCfg = DebugQ8|Any CPU
		{8D4F3F3E-96B3-473F-B7CC-36ED5878DABC}.DebugQ8|Any CPU.Build.0 = DebugQ8|Any CPU
		{8D4F3F3E-96B3-473F-B7CC-36ED5878DABC}.DebugQ8|arm64.ActiveCfg = DebugQ8|Any CPU
		{8D4F3F3E-96B3-473F-B7CC-36ED5878DABC}.DebugQ8|arm64.Build.0 = DebugQ8|Any CPU
		{8D4F3F3E-96B3-473F-B7CC-36ED5878DABC}.DebugQ8|x64.ActiveCfg = DebugQ8|Any CPU
		{8D4F3F3E-96B3-473F-B7CC-36ED5878DABC}.DebugQ8|x64.Build.0 = DebugQ8|Any CPU
		{8D4F3F3E-96B3-473F-B7CC-36ED5878DABC}.DebugQ8|x86.ActiveCfg = DebugQ8|Any CPU
		{8D4F3F3E-96B3-473F-B7CC-36ED5878DABC}.DebugQ8|x86.Build.0 = DebugQ8|Any CPU
		{8D4F3F3E-96B3-473F-B7CC-36ED5878DABC}.Release|Any CPU.ActiveCfg = Release|Any CPU
		{8D4F3F3E-96B3-473F-B7CC-36ED5878DABC}.Release|Any CPU.Build.0 = Release|Any CPU
		{8D4F3F3E-96B3-473F-B7CC-36ED5878DABC}.Release|arm64.ActiveCfg = Release|Any CPU
		{8D4F3F3E-96B3-473F-B7CC-36ED5878DABC}.Release|arm64.Build.0 = Release|Any CPU
		{8D4F3F3E-96B3-473F-B7CC-36ED5878DABC}.Release|x64.ActiveCfg = Release|Any CPU
		{8D4F3F3E-96B3-473F-B7CC-36ED5878DABC}.Release|x64.Build.0 = Release|Any CPU
		{8D4F3F3E-96B3-473F-B7CC-36ED5878DABC}.Release|x86.ActiveCfg = Release|Any CPU
		{8D4F3F3E-96B3-473F-B7CC-36ED5878DABC}.Release|x86.Build.0 = Release|Any CPU
		{8D4F3F3E-96B3-473F-B7CC-36ED5878DABC}.ReleaseQ16|Any CPU.ActiveCfg = ReleaseQ8|Any CPU
		{8D4F3F3E-96B3-473F-B7CC-36ED5878DABC}.ReleaseQ16|Any CPU.Build.0 = ReleaseQ8|Any CPU
		{8D4F3F3E-96B3-473F-B7CC-36ED5878DABC}.ReleaseQ16|arm64.ActiveCfg = ReleaseQ8|Any CPU
		{8D4F3F3E-96B3-473F-B7CC-36ED5878DABC}.ReleaseQ16|arm64.Build.0 = ReleaseQ8|Any CPU
		{8D4F3F3E-96B3-473F-B7CC-36ED5878DABC}.ReleaseQ16|x64.ActiveCfg = ReleaseQ8|Any CPU
		{8D4F3F3E-96B3-473F-B7CC-36ED5878DABC}.ReleaseQ16|x64.Build.0 = ReleaseQ8|Any CPU
		{8D4F3F3E-96B3-473F-B7CC-36ED5878DABC}.ReleaseQ16|x86.ActiveCfg = ReleaseQ8|Any CPU
		{8D4F3F3E-96B3-473F-B7CC-36ED5878DABC}.ReleaseQ16|x86.Build.0 = ReleaseQ8|Any CPU
		{8D4F3F3E-96B3-473F-B7CC-36ED5878DABC}.ReleaseQ16-HDRI|Any CPU.ActiveCfg = ReleaseQ8|Any CPU
		{8D4F3F3E-96B3-473F-B7CC-36ED5878DABC}.ReleaseQ16-HDRI|Any CPU.Build.0 = ReleaseQ8|Any CPU
		{8D4F3F3E-96B3-473F-B7CC-36ED5878DABC}.ReleaseQ16-HDRI|arm64.ActiveCfg = ReleaseQ8|Any CPU
		{8D4F3F3E-96B3-473F-B7CC-36ED5878DABC}.ReleaseQ16-HDRI|arm64.Build.0 = ReleaseQ8|Any CPU
		{8D4F3F3E-96B3-473F-B7CC-36ED5878DABC}.ReleaseQ16-HDRI|x64.ActiveCfg = ReleaseQ8|Any CPU
		{8D4F3F3E-96B3-473F-B7CC-36ED5878DABC}.ReleaseQ16-HDRI|x64.Build.0 = ReleaseQ8|Any CPU
		{8D4F3F3E-96B3-473F-B7CC-36ED5878DABC}.ReleaseQ16-HDRI|x86.ActiveCfg = ReleaseQ8|Any CPU
		{8D4F3F3E-96B3-473F-B7CC-36ED5878DABC}.ReleaseQ16-HDRI|x86.Build.0 = ReleaseQ8|Any CPU
		{8D4F3F3E-96B3-473F-B7CC-36ED5878DABC}.ReleaseQ16-HDRI-OpenMP|Any CPU.ActiveCfg = ReleaseQ8|Any CPU
		{8D4F3F3E-96B3-473F-B7CC-36ED5878DABC}.ReleaseQ16-HDRI-OpenMP|Any CPU.Build.0 = ReleaseQ8|Any CPU
		{8D4F3F3E-96B3-473F-B7CC-36ED5878DABC}.ReleaseQ16-HDRI-OpenMP|arm64.ActiveCfg = ReleaseQ8|Any CPU
		{8D4F3F3E-96B3-473F-B7CC-36ED5878DABC}.ReleaseQ16-HDRI-OpenMP|arm64.Build.0 = ReleaseQ8|Any CPU
		{8D4F3F3E-96B3-473F-B7CC-36ED5878DABC}.ReleaseQ16-HDRI-OpenMP|x64.ActiveCfg = ReleaseQ8|Any CPU
		{8D4F3F3E-96B3-473F-B7CC-36ED5878DABC}.ReleaseQ16-HDRI-OpenMP|x64.Build.0 = ReleaseQ8|Any CPU
		{8D4F3F3E-96B3-473F-B7CC-36ED5878DABC}.ReleaseQ16-HDRI-OpenMP|x86.ActiveCfg = ReleaseQ8|Any CPU
		{8D4F3F3E-96B3-473F-B7CC-36ED5878DABC}.ReleaseQ16-HDRI-OpenMP|x86.Build.0 = ReleaseQ8|Any CPU
		{8D4F3F3E-96B3-473F-B7CC-36ED5878DABC}.ReleaseQ16-OpenMP|Any CPU.ActiveCfg = ReleaseQ8|Any CPU
		{8D4F3F3E-96B3-473F-B7CC-36ED5878DABC}.ReleaseQ16-OpenMP|Any CPU.Build.0 = ReleaseQ8|Any CPU
		{8D4F3F3E-96B3-473F-B7CC-36ED5878DABC}.ReleaseQ16-OpenMP|arm64.ActiveCfg = ReleaseQ8|Any CPU
		{8D4F3F3E-96B3-473F-B7CC-36ED5878DABC}.ReleaseQ16-OpenMP|arm64.Build.0 = ReleaseQ8|Any CPU
		{8D4F3F3E-96B3-473F-B7CC-36ED5878DABC}.ReleaseQ16-OpenMP|x64.ActiveCfg = ReleaseQ8|Any CPU
		{8D4F3F3E-96B3-473F-B7CC-36ED5878DABC}.ReleaseQ16-OpenMP|x64.Build.0 = ReleaseQ8|Any CPU
		{8D4F3F3E-96B3-473F-B7CC-36ED5878DABC}.ReleaseQ16-OpenMP|x86.ActiveCfg = ReleaseQ8|Any CPU
		{8D4F3F3E-96B3-473F-B7CC-36ED5878DABC}.ReleaseQ16-OpenMP|x86.Build.0 = ReleaseQ8|Any CPU
		{8D4F3F3E-96B3-473F-B7CC-36ED5878DABC}.ReleaseQ8|Any CPU.ActiveCfg = ReleaseQ8|Any CPU
		{8D4F3F3E-96B3-473F-B7CC-36ED5878DABC}.ReleaseQ8|Any CPU.Build.0 = ReleaseQ8|Any CPU
		{8D4F3F3E-96B3-473F-B7CC-36ED5878DABC}.ReleaseQ8|arm64.ActiveCfg = ReleaseQ8|Any CPU
		{8D4F3F3E-96B3-473F-B7CC-36ED5878DABC}.ReleaseQ8|arm64.Build.0 = ReleaseQ8|Any CPU
		{8D4F3F3E-96B3-473F-B7CC-36ED5878DABC}.ReleaseQ8|x64.ActiveCfg = ReleaseQ8|Any CPU
		{8D4F3F3E-96B3-473F-B7CC-36ED5878DABC}.ReleaseQ8|x64.Build.0 = ReleaseQ8|Any CPU
		{8D4F3F3E-96B3-473F-B7CC-36ED5878DABC}.ReleaseQ8|x86.ActiveCfg = ReleaseQ8|Any CPU
		{8D4F3F3E-96B3-473F-B7CC-36ED5878DABC}.ReleaseQ8|x86.Build.0 = ReleaseQ8|Any CPU
		{8D4F3F3E-96B3-473F-B7CC-36ED5878DABC}.ReleaseQ8-OpenMP|Any CPU.ActiveCfg = ReleaseQ8|Any CPU
		{8D4F3F3E-96B3-473F-B7CC-36ED5878DABC}.ReleaseQ8-OpenMP|Any CPU.Build.0 = ReleaseQ8|Any CPU
		{8D4F3F3E-96B3-473F-B7CC-36ED5878DABC}.ReleaseQ8-OpenMP|arm64.ActiveCfg = ReleaseQ8|Any CPU
		{8D4F3F3E-96B3-473F-B7CC-36ED5878DABC}.ReleaseQ8-OpenMP|arm64.Build.0 = ReleaseQ8|Any CPU
		{8D4F3F3E-96B3-473F-B7CC-36ED5878DABC}.ReleaseQ8-OpenMP|x64.ActiveCfg = ReleaseQ8|Any CPU
		{8D4F3F3E-96B3-473F-B7CC-36ED5878DABC}.ReleaseQ8-OpenMP|x64.Build.0 = ReleaseQ8|Any CPU
		{8D4F3F3E-96B3-473F-B7CC-36ED5878DABC}.ReleaseQ8-OpenMP|x86.ActiveCfg = ReleaseQ8|Any CPU
		{8D4F3F3E-96B3-473F-B7CC-36ED5878DABC}.ReleaseQ8-OpenMP|x86.Build.0 = ReleaseQ8|Any CPU
		{8D4F3F3E-96B3-473F-B7CC-36ED5878DABC}.Test|Any CPU.ActiveCfg = Debug|Any CPU
		{8D4F3F3E-96B3-473F-B7CC-36ED5878DABC}.Test|Any CPU.Build.0 = Debug|Any CPU
		{8D4F3F3E-96B3-473F-B7CC-36ED5878DABC}.Test|arm64.ActiveCfg = Debug|Any CPU
		{8D4F3F3E-96B3-473F-B7CC-36ED5878DABC}.Test|arm64.Build.0 = Debug|Any CPU
		{8D4F3F3E-96B3-473F-B7CC-36ED5878DABC}.Test|x64.ActiveCfg = Debug|Any CPU
		{8D4F3F3E-96B3-473F-B7CC-36ED5878DABC}.Test|x64.Build.0 = Debug|Any CPU
		{8D4F3F3E-96B3-473F-B7CC-36ED5878DABC}.Test|x86.ActiveCfg = Debug|Any CPU
		{8D4F3F3E-96B3-473F-B7CC-36ED5878DABC}.Test|x86.Build.0 = Debug|Any CPU
		{8D4F3F3E-96B3-473F-B7CC-36ED5878DABC}.TestQ16|Any CPU.ActiveCfg = Debug|Any CPU
		{8D4F3F3E-96B3-473F-B7CC-36ED5878DABC}.TestQ16|Any CPU.Build.0 = Debug|Any CPU
		{8D4F3F3E-96B3-473F-B7CC-36ED5878DABC}.TestQ16|arm64.ActiveCfg = Debug|Any CPU
		{8D4F3F3E-96B3-473F-B7CC-36ED5878DABC}.TestQ16|arm64.Build.0 = Debug|Any CPU
		{8D4F3F3E-96B3-473F-B7CC-36ED5878DABC}.TestQ16|x64.ActiveCfg = Debug|Any CPU
		{8D4F3F3E-96B3-473F-B7CC-36ED5878DABC}.TestQ16|x64.Build.0 = Debug|Any CPU
		{8D4F3F3E-96B3-473F-B7CC-36ED5878DABC}.TestQ16|x86.ActiveCfg = Debug|Any CPU
		{8D4F3F3E-96B3-473F-B7CC-36ED5878DABC}.TestQ16|x86.Build.0 = Debug|Any CPU
		{8D4F3F3E-96B3-473F-B7CC-36ED5878DABC}.TestQ16-HDRI|Any CPU.ActiveCfg = Debug|Any CPU
		{8D4F3F3E-96B3-473F-B7CC-36ED5878DABC}.TestQ16-HDRI|Any CPU.Build.0 = Debug|Any CPU
		{8D4F3F3E-96B3-473F-B7CC-36ED5878DABC}.TestQ16-HDRI|arm64.ActiveCfg = Debug|Any CPU
		{8D4F3F3E-96B3-473F-B7CC-36ED5878DABC}.TestQ16-HDRI|arm64.Build.0 = Debug|Any CPU
		{8D4F3F3E-96B3-473F-B7CC-36ED5878DABC}.TestQ16-HDRI|x64.ActiveCfg = Debug|Any CPU
		{8D4F3F3E-96B3-473F-B7CC-36ED5878DABC}.TestQ16-HDRI|x64.Build.0 = Debug|Any CPU
		{8D4F3F3E-96B3-473F-B7CC-36ED5878DABC}.TestQ16-HDRI|x86.ActiveCfg = Debug|Any CPU
		{8D4F3F3E-96B3-473F-B7CC-36ED5878DABC}.TestQ16-HDRI|x86.Build.0 = Debug|Any CPU
		{8D4F3F3E-96B3-473F-B7CC-36ED5878DABC}.TestQ16-HDRI-OpenMP|Any CPU.ActiveCfg = Debug|Any CPU
		{8D4F3F3E-96B3-473F-B7CC-36ED5878DABC}.TestQ16-HDRI-OpenMP|Any CPU.Build.0 = Debug|Any CPU
		{8D4F3F3E-96B3-473F-B7CC-36ED5878DABC}.TestQ16-HDRI-OpenMP|arm64.ActiveCfg = Debug|Any CPU
		{8D4F3F3E-96B3-473F-B7CC-36ED5878DABC}.TestQ16-HDRI-OpenMP|arm64.Build.0 = Debug|Any CPU
		{8D4F3F3E-96B3-473F-B7CC-36ED5878DABC}.TestQ16-HDRI-OpenMP|x64.ActiveCfg = Debug|Any CPU
		{8D4F3F3E-96B3-473F-B7CC-36ED5878DABC}.TestQ16-HDRI-OpenMP|x64.Build.0 = Debug|Any CPU
		{8D4F3F3E-96B3-473F-B7CC-36ED5878DABC}.TestQ16-HDRI-OpenMP|x86.ActiveCfg = Debug|Any CPU
		{8D4F3F3E-96B3-473F-B7CC-36ED5878DABC}.TestQ16-HDRI-OpenMP|x86.Build.0 = Debug|Any CPU
		{8D4F3F3E-96B3-473F-B7CC-36ED5878DABC}.TestQ16-OpenMP|Any CPU.ActiveCfg = Debug|Any CPU
		{8D4F3F3E-96B3-473F-B7CC-36ED5878DABC}.TestQ16-OpenMP|Any CPU.Build.0 = Debug|Any CPU
		{8D4F3F3E-96B3-473F-B7CC-36ED5878DABC}.TestQ16-OpenMP|arm64.ActiveCfg = Debug|Any CPU
		{8D4F3F3E-96B3-473F-B7CC-36ED5878DABC}.TestQ16-OpenMP|arm64.Build.0 = Debug|Any CPU
		{8D4F3F3E-96B3-473F-B7CC-36ED5878DABC}.TestQ16-OpenMP|x64.ActiveCfg = Debug|Any CPU
		{8D4F3F3E-96B3-473F-B7CC-36ED5878DABC}.TestQ16-OpenMP|x64.Build.0 = Debug|Any CPU
		{8D4F3F3E-96B3-473F-B7CC-36ED5878DABC}.TestQ16-OpenMP|x86.ActiveCfg = Debug|Any CPU
		{8D4F3F3E-96B3-473F-B7CC-36ED5878DABC}.TestQ16-OpenMP|x86.Build.0 = Debug|Any CPU
		{8D4F3F3E-96B3-473F-B7CC-36ED5878DABC}.TestQ8|Any CPU.ActiveCfg = Debug|Any CPU
		{8D4F3F3E-96B3-473F-B7CC-36ED5878DABC}.TestQ8|Any CPU.Build.0 = Debug|Any CPU
		{8D4F3F3E-96B3-473F-B7CC-36ED5878DABC}.TestQ8|arm64.ActiveCfg = Debug|Any CPU
		{8D4F3F3E-96B3-473F-B7CC-36ED5878DABC}.TestQ8|arm64.Build.0 = Debug|Any CPU
		{8D4F3F3E-96B3-473F-B7CC-36ED5878DABC}.TestQ8|x64.ActiveCfg = Debug|Any CPU
		{8D4F3F3E-96B3-473F-B7CC-36ED5878DABC}.TestQ8|x64.Build.0 = Debug|Any CPU
		{8D4F3F3E-96B3-473F-B7CC-36ED5878DABC}.TestQ8|x86.ActiveCfg = Debug|Any CPU
		{8D4F3F3E-96B3-473F-B7CC-36ED5878DABC}.TestQ8|x86.Build.0 = Debug|Any CPU
		{8D4F3F3E-96B3-473F-B7CC-36ED5878DABC}.TestQ8-OpenMP|Any CPU.ActiveCfg = Debug|Any CPU
		{8D4F3F3E-96B3-473F-B7CC-36ED5878DABC}.TestQ8-OpenMP|Any CPU.Build.0 = Debug|Any CPU
		{8D4F3F3E-96B3-473F-B7CC-36ED5878DABC}.TestQ8-OpenMP|arm64.ActiveCfg = Debug|Any CPU
		{8D4F3F3E-96B3-473F-B7CC-36ED5878DABC}.TestQ8-OpenMP|arm64.Build.0 = Debug|Any CPU
		{8D4F3F3E-96B3-473F-B7CC-36ED5878DABC}.TestQ8-OpenMP|x64.ActiveCfg = Debug|Any CPU
		{8D4F3F3E-96B3-473F-B7CC-36ED5878DABC}.TestQ8-OpenMP|x64.Build.0 = Debug|Any CPU
		{8D4F3F3E-96B3-473F-B7CC-36ED5878DABC}.TestQ8-OpenMP|x86.ActiveCfg = Debug|Any CPU
		{8D4F3F3E-96B3-473F-B7CC-36ED5878DABC}.TestQ8-OpenMP|x86.Build.0 = Debug|Any CPU
		{09729E70-F78F-4474-8ECC-F6D4C4029C85}.Debug|Any CPU.ActiveCfg = Debug|Any CPU
		{09729E70-F78F-4474-8ECC-F6D4C4029C85}.Debug|Any CPU.Build.0 = Debug|Any CPU
		{09729E70-F78F-4474-8ECC-F6D4C4029C85}.Debug|arm64.ActiveCfg = Debug|Any CPU
		{09729E70-F78F-4474-8ECC-F6D4C4029C85}.Debug|arm64.Build.0 = Debug|Any CPU
		{09729E70-F78F-4474-8ECC-F6D4C4029C85}.Debug|x64.ActiveCfg = Debug|Any CPU
		{09729E70-F78F-4474-8ECC-F6D4C4029C85}.Debug|x64.Build.0 = Debug|Any CPU
		{09729E70-F78F-4474-8ECC-F6D4C4029C85}.Debug|x86.ActiveCfg = Debug|Any CPU
		{09729E70-F78F-4474-8ECC-F6D4C4029C85}.Debug|x86.Build.0 = Debug|Any CPU
		{09729E70-F78F-4474-8ECC-F6D4C4029C85}.DebugQ16|Any CPU.ActiveCfg = DebugQ8|Any CPU
		{09729E70-F78F-4474-8ECC-F6D4C4029C85}.DebugQ16|Any CPU.Build.0 = DebugQ8|Any CPU
		{09729E70-F78F-4474-8ECC-F6D4C4029C85}.DebugQ16|arm64.ActiveCfg = DebugQ8|Any CPU
		{09729E70-F78F-4474-8ECC-F6D4C4029C85}.DebugQ16|arm64.Build.0 = DebugQ8|Any CPU
		{09729E70-F78F-4474-8ECC-F6D4C4029C85}.DebugQ16|x64.ActiveCfg = DebugQ8|Any CPU
		{09729E70-F78F-4474-8ECC-F6D4C4029C85}.DebugQ16|x64.Build.0 = DebugQ8|Any CPU
		{09729E70-F78F-4474-8ECC-F6D4C4029C85}.DebugQ16|x86.ActiveCfg = DebugQ8|Any CPU
		{09729E70-F78F-4474-8ECC-F6D4C4029C85}.DebugQ16|x86.Build.0 = DebugQ8|Any CPU
		{09729E70-F78F-4474-8ECC-F6D4C4029C85}.DebugQ16-HDRI|Any CPU.ActiveCfg = DebugQ8|Any CPU
		{09729E70-F78F-4474-8ECC-F6D4C4029C85}.DebugQ16-HDRI|Any CPU.Build.0 = DebugQ8|Any CPU
		{09729E70-F78F-4474-8ECC-F6D4C4029C85}.DebugQ16-HDRI|arm64.ActiveCfg = DebugQ8|Any CPU
		{09729E70-F78F-4474-8ECC-F6D4C4029C85}.DebugQ16-HDRI|arm64.Build.0 = DebugQ8|Any CPU
		{09729E70-F78F-4474-8ECC-F6D4C4029C85}.DebugQ16-HDRI|x64.ActiveCfg = DebugQ8|Any CPU
		{09729E70-F78F-4474-8ECC-F6D4C4029C85}.DebugQ16-HDRI|x64.Build.0 = DebugQ8|Any CPU
		{09729E70-F78F-4474-8ECC-F6D4C4029C85}.DebugQ16-HDRI|x86.ActiveCfg = DebugQ8|Any CPU
		{09729E70-F78F-4474-8ECC-F6D4C4029C85}.DebugQ16-HDRI|x86.Build.0 = DebugQ8|Any CPU
		{09729E70-F78F-4474-8ECC-F6D4C4029C85}.DebugQ8|Any CPU.ActiveCfg = DebugQ8|Any CPU
		{09729E70-F78F-4474-8ECC-F6D4C4029C85}.DebugQ8|Any CPU.Build.0 = DebugQ8|Any CPU
		{09729E70-F78F-4474-8ECC-F6D4C4029C85}.DebugQ8|arm64.ActiveCfg = DebugQ8|Any CPU
		{09729E70-F78F-4474-8ECC-F6D4C4029C85}.DebugQ8|arm64.Build.0 = DebugQ8|Any CPU
		{09729E70-F78F-4474-8ECC-F6D4C4029C85}.DebugQ8|x64.ActiveCfg = DebugQ8|Any CPU
		{09729E70-F78F-4474-8ECC-F6D4C4029C85}.DebugQ8|x64.Build.0 = DebugQ8|Any CPU
		{09729E70-F78F-4474-8ECC-F6D4C4029C85}.DebugQ8|x86.ActiveCfg = DebugQ8|Any CPU
		{09729E70-F78F-4474-8ECC-F6D4C4029C85}.DebugQ8|x86.Build.0 = DebugQ8|Any CPU
		{09729E70-F78F-4474-8ECC-F6D4C4029C85}.Release|Any CPU.ActiveCfg = Release|Any CPU
		{09729E70-F78F-4474-8ECC-F6D4C4029C85}.Release|Any CPU.Build.0 = Release|Any CPU
		{09729E70-F78F-4474-8ECC-F6D4C4029C85}.Release|arm64.ActiveCfg = Release|Any CPU
		{09729E70-F78F-4474-8ECC-F6D4C4029C85}.Release|arm64.Build.0 = Release|Any CPU
		{09729E70-F78F-4474-8ECC-F6D4C4029C85}.Release|x64.ActiveCfg = Release|Any CPU
		{09729E70-F78F-4474-8ECC-F6D4C4029C85}.Release|x64.Build.0 = Release|Any CPU
		{09729E70-F78F-4474-8ECC-F6D4C4029C85}.Release|x86.ActiveCfg = Release|Any CPU
		{09729E70-F78F-4474-8ECC-F6D4C4029C85}.Release|x86.Build.0 = Release|Any CPU
		{09729E70-F78F-4474-8ECC-F6D4C4029C85}.ReleaseQ16|Any CPU.ActiveCfg = ReleaseQ8|Any CPU
		{09729E70-F78F-4474-8ECC-F6D4C4029C85}.ReleaseQ16|Any CPU.Build.0 = ReleaseQ8|Any CPU
		{09729E70-F78F-4474-8ECC-F6D4C4029C85}.ReleaseQ16|arm64.ActiveCfg = ReleaseQ8|Any CPU
		{09729E70-F78F-4474-8ECC-F6D4C4029C85}.ReleaseQ16|arm64.Build.0 = ReleaseQ8|Any CPU
		{09729E70-F78F-4474-8ECC-F6D4C4029C85}.ReleaseQ16|x64.ActiveCfg = ReleaseQ8|Any CPU
		{09729E70-F78F-4474-8ECC-F6D4C4029C85}.ReleaseQ16|x64.Build.0 = ReleaseQ8|Any CPU
		{09729E70-F78F-4474-8ECC-F6D4C4029C85}.ReleaseQ16|x86.ActiveCfg = ReleaseQ8|Any CPU
		{09729E70-F78F-4474-8ECC-F6D4C4029C85}.ReleaseQ16|x86.Build.0 = ReleaseQ8|Any CPU
		{09729E70-F78F-4474-8ECC-F6D4C4029C85}.ReleaseQ16-HDRI|Any CPU.ActiveCfg = ReleaseQ8|Any CPU
		{09729E70-F78F-4474-8ECC-F6D4C4029C85}.ReleaseQ16-HDRI|Any CPU.Build.0 = ReleaseQ8|Any CPU
		{09729E70-F78F-4474-8ECC-F6D4C4029C85}.ReleaseQ16-HDRI|arm64.ActiveCfg = ReleaseQ8|Any CPU
		{09729E70-F78F-4474-8ECC-F6D4C4029C85}.ReleaseQ16-HDRI|arm64.Build.0 = ReleaseQ8|Any CPU
		{09729E70-F78F-4474-8ECC-F6D4C4029C85}.ReleaseQ16-HDRI|x64.ActiveCfg = ReleaseQ8|Any CPU
		{09729E70-F78F-4474-8ECC-F6D4C4029C85}.ReleaseQ16-HDRI|x64.Build.0 = ReleaseQ8|Any CPU
		{09729E70-F78F-4474-8ECC-F6D4C4029C85}.ReleaseQ16-HDRI|x86.ActiveCfg = ReleaseQ8|Any CPU
		{09729E70-F78F-4474-8ECC-F6D4C4029C85}.ReleaseQ16-HDRI|x86.Build.0 = ReleaseQ8|Any CPU
		{09729E70-F78F-4474-8ECC-F6D4C4029C85}.ReleaseQ16-HDRI-OpenMP|Any CPU.ActiveCfg = ReleaseQ8|Any CPU
		{09729E70-F78F-4474-8ECC-F6D4C4029C85}.ReleaseQ16-HDRI-OpenMP|Any CPU.Build.0 = ReleaseQ8|Any CPU
		{09729E70-F78F-4474-8ECC-F6D4C4029C85}.ReleaseQ16-HDRI-OpenMP|arm64.ActiveCfg = ReleaseQ8|Any CPU
		{09729E70-F78F-4474-8ECC-F6D4C4029C85}.ReleaseQ16-HDRI-OpenMP|arm64.Build.0 = ReleaseQ8|Any CPU
		{09729E70-F78F-4474-8ECC-F6D4C4029C85}.ReleaseQ16-HDRI-OpenMP|x64.ActiveCfg = ReleaseQ8|Any CPU
		{09729E70-F78F-4474-8ECC-F6D4C4029C85}.ReleaseQ16-HDRI-OpenMP|x64.Build.0 = ReleaseQ8|Any CPU
		{09729E70-F78F-4474-8ECC-F6D4C4029C85}.ReleaseQ16-HDRI-OpenMP|x86.ActiveCfg = ReleaseQ8|Any CPU
		{09729E70-F78F-4474-8ECC-F6D4C4029C85}.ReleaseQ16-HDRI-OpenMP|x86.Build.0 = ReleaseQ8|Any CPU
		{09729E70-F78F-4474-8ECC-F6D4C4029C85}.ReleaseQ16-OpenMP|Any CPU.ActiveCfg = ReleaseQ8|Any CPU
		{09729E70-F78F-4474-8ECC-F6D4C4029C85}.ReleaseQ16-OpenMP|Any CPU.Build.0 = ReleaseQ8|Any CPU
		{09729E70-F78F-4474-8ECC-F6D4C4029C85}.ReleaseQ16-OpenMP|arm64.ActiveCfg = ReleaseQ8|Any CPU
		{09729E70-F78F-4474-8ECC-F6D4C4029C85}.ReleaseQ16-OpenMP|arm64.Build.0 = ReleaseQ8|Any CPU
		{09729E70-F78F-4474-8ECC-F6D4C4029C85}.ReleaseQ16-OpenMP|x64.ActiveCfg = ReleaseQ8|Any CPU
		{09729E70-F78F-4474-8ECC-F6D4C4029C85}.ReleaseQ16-OpenMP|x64.Build.0 = ReleaseQ8|Any CPU
		{09729E70-F78F-4474-8ECC-F6D4C4029C85}.ReleaseQ16-OpenMP|x86.ActiveCfg = ReleaseQ8|Any CPU
		{09729E70-F78F-4474-8ECC-F6D4C4029C85}.ReleaseQ16-OpenMP|x86.Build.0 = ReleaseQ8|Any CPU
		{09729E70-F78F-4474-8ECC-F6D4C4029C85}.ReleaseQ8|Any CPU.ActiveCfg = ReleaseQ8|Any CPU
		{09729E70-F78F-4474-8ECC-F6D4C4029C85}.ReleaseQ8|Any CPU.Build.0 = ReleaseQ8|Any CPU
		{09729E70-F78F-4474-8ECC-F6D4C4029C85}.ReleaseQ8|arm64.ActiveCfg = ReleaseQ8|Any CPU
		{09729E70-F78F-4474-8ECC-F6D4C4029C85}.ReleaseQ8|arm64.Build.0 = ReleaseQ8|Any CPU
		{09729E70-F78F-4474-8ECC-F6D4C4029C85}.ReleaseQ8|x64.ActiveCfg = ReleaseQ8|Any CPU
		{09729E70-F78F-4474-8ECC-F6D4C4029C85}.ReleaseQ8|x64.Build.0 = ReleaseQ8|Any CPU
		{09729E70-F78F-4474-8ECC-F6D4C4029C85}.ReleaseQ8|x86.ActiveCfg = ReleaseQ8|Any CPU
		{09729E70-F78F-4474-8ECC-F6D4C4029C85}.ReleaseQ8|x86.Build.0 = ReleaseQ8|Any CPU
		{09729E70-F78F-4474-8ECC-F6D4C4029C85}.ReleaseQ8-OpenMP|Any CPU.ActiveCfg = ReleaseQ8|Any CPU
		{09729E70-F78F-4474-8ECC-F6D4C4029C85}.ReleaseQ8-OpenMP|Any CPU.Build.0 = ReleaseQ8|Any CPU
		{09729E70-F78F-4474-8ECC-F6D4C4029C85}.ReleaseQ8-OpenMP|arm64.ActiveCfg = ReleaseQ8|Any CPU
		{09729E70-F78F-4474-8ECC-F6D4C4029C85}.ReleaseQ8-OpenMP|arm64.Build.0 = ReleaseQ8|Any CPU
		{09729E70-F78F-4474-8ECC-F6D4C4029C85}.ReleaseQ8-OpenMP|x64.ActiveCfg = ReleaseQ8|Any CPU
		{09729E70-F78F-4474-8ECC-F6D4C4029C85}.ReleaseQ8-OpenMP|x64.Build.0 = ReleaseQ8|Any CPU
		{09729E70-F78F-4474-8ECC-F6D4C4029C85}.ReleaseQ8-OpenMP|x86.ActiveCfg = ReleaseQ8|Any CPU
		{09729E70-F78F-4474-8ECC-F6D4C4029C85}.ReleaseQ8-OpenMP|x86.Build.0 = ReleaseQ8|Any CPU
		{09729E70-F78F-4474-8ECC-F6D4C4029C85}.Test|Any CPU.ActiveCfg = Test|Any CPU
		{09729E70-F78F-4474-8ECC-F6D4C4029C85}.Test|Any CPU.Build.0 = Test|Any CPU
		{09729E70-F78F-4474-8ECC-F6D4C4029C85}.Test|arm64.ActiveCfg = Test|Any CPU
		{09729E70-F78F-4474-8ECC-F6D4C4029C85}.Test|arm64.Build.0 = Test|Any CPU
		{09729E70-F78F-4474-8ECC-F6D4C4029C85}.Test|x64.ActiveCfg = Test|Any CPU
		{09729E70-F78F-4474-8ECC-F6D4C4029C85}.Test|x64.Build.0 = Test|Any CPU
		{09729E70-F78F-4474-8ECC-F6D4C4029C85}.Test|x86.ActiveCfg = Test|Any CPU
		{09729E70-F78F-4474-8ECC-F6D4C4029C85}.Test|x86.Build.0 = Test|Any CPU
		{09729E70-F78F-4474-8ECC-F6D4C4029C85}.TestQ16|Any CPU.ActiveCfg = Test|Any CPU
		{09729E70-F78F-4474-8ECC-F6D4C4029C85}.TestQ16|Any CPU.Build.0 = Test|Any CPU
		{09729E70-F78F-4474-8ECC-F6D4C4029C85}.TestQ16|arm64.ActiveCfg = Test|Any CPU
		{09729E70-F78F-4474-8ECC-F6D4C4029C85}.TestQ16|arm64.Build.0 = Test|Any CPU
		{09729E70-F78F-4474-8ECC-F6D4C4029C85}.TestQ16|x64.ActiveCfg = Test|Any CPU
		{09729E70-F78F-4474-8ECC-F6D4C4029C85}.TestQ16|x64.Build.0 = Test|Any CPU
		{09729E70-F78F-4474-8ECC-F6D4C4029C85}.TestQ16|x86.ActiveCfg = Test|Any CPU
		{09729E70-F78F-4474-8ECC-F6D4C4029C85}.TestQ16|x86.Build.0 = Test|Any CPU
		{09729E70-F78F-4474-8ECC-F6D4C4029C85}.TestQ16-HDRI|Any CPU.ActiveCfg = Test|Any CPU
		{09729E70-F78F-4474-8ECC-F6D4C4029C85}.TestQ16-HDRI|Any CPU.Build.0 = Test|Any CPU
		{09729E70-F78F-4474-8ECC-F6D4C4029C85}.TestQ16-HDRI|arm64.ActiveCfg = Test|Any CPU
		{09729E70-F78F-4474-8ECC-F6D4C4029C85}.TestQ16-HDRI|arm64.Build.0 = Test|Any CPU
		{09729E70-F78F-4474-8ECC-F6D4C4029C85}.TestQ16-HDRI|x64.ActiveCfg = Test|Any CPU
		{09729E70-F78F-4474-8ECC-F6D4C4029C85}.TestQ16-HDRI|x64.Build.0 = Test|Any CPU
		{09729E70-F78F-4474-8ECC-F6D4C4029C85}.TestQ16-HDRI|x86.ActiveCfg = Test|Any CPU
		{09729E70-F78F-4474-8ECC-F6D4C4029C85}.TestQ16-HDRI|x86.Build.0 = Test|Any CPU
		{09729E70-F78F-4474-8ECC-F6D4C4029C85}.TestQ16-HDRI-OpenMP|Any CPU.ActiveCfg = Test|Any CPU
		{09729E70-F78F-4474-8ECC-F6D4C4029C85}.TestQ16-HDRI-OpenMP|Any CPU.Build.0 = Test|Any CPU
		{09729E70-F78F-4474-8ECC-F6D4C4029C85}.TestQ16-HDRI-OpenMP|arm64.ActiveCfg = Test|Any CPU
		{09729E70-F78F-4474-8ECC-F6D4C4029C85}.TestQ16-HDRI-OpenMP|arm64.Build.0 = Test|Any CPU
		{09729E70-F78F-4474-8ECC-F6D4C4029C85}.TestQ16-HDRI-OpenMP|x64.ActiveCfg = Test|Any CPU
		{09729E70-F78F-4474-8ECC-F6D4C4029C85}.TestQ16-HDRI-OpenMP|x64.Build.0 = Test|Any CPU
		{09729E70-F78F-4474-8ECC-F6D4C4029C85}.TestQ16-HDRI-OpenMP|x86.ActiveCfg = Test|Any CPU
		{09729E70-F78F-4474-8ECC-F6D4C4029C85}.TestQ16-HDRI-OpenMP|x86.Build.0 = Test|Any CPU
		{09729E70-F78F-4474-8ECC-F6D4C4029C85}.TestQ16-OpenMP|Any CPU.ActiveCfg = Test|Any CPU
		{09729E70-F78F-4474-8ECC-F6D4C4029C85}.TestQ16-OpenMP|Any CPU.Build.0 = Test|Any CPU
		{09729E70-F78F-4474-8ECC-F6D4C4029C85}.TestQ16-OpenMP|arm64.ActiveCfg = Test|Any CPU
		{09729E70-F78F-4474-8ECC-F6D4C4029C85}.TestQ16-OpenMP|arm64.Build.0 = Test|Any CPU
		{09729E70-F78F-4474-8ECC-F6D4C4029C85}.TestQ16-OpenMP|x64.ActiveCfg = Test|Any CPU
		{09729E70-F78F-4474-8ECC-F6D4C4029C85}.TestQ16-OpenMP|x64.Build.0 = Test|Any CPU
		{09729E70-F78F-4474-8ECC-F6D4C4029C85}.TestQ16-OpenMP|x86.ActiveCfg = Test|Any CPU
		{09729E70-F78F-4474-8ECC-F6D4C4029C85}.TestQ16-OpenMP|x86.Build.0 = Test|Any CPU
		{09729E70-F78F-4474-8ECC-F6D4C4029C85}.TestQ8|Any CPU.ActiveCfg = Test|Any CPU
		{09729E70-F78F-4474-8ECC-F6D4C4029C85}.TestQ8|Any CPU.Build.0 = Test|Any CPU
		{09729E70-F78F-4474-8ECC-F6D4C4029C85}.TestQ8|arm64.ActiveCfg = Test|Any CPU
		{09729E70-F78F-4474-8ECC-F6D4C4029C85}.TestQ8|arm64.Build.0 = Test|Any CPU
		{09729E70-F78F-4474-8ECC-F6D4C4029C85}.TestQ8|x64.ActiveCfg = Test|Any CPU
		{09729E70-F78F-4474-8ECC-F6D4C4029C85}.TestQ8|x64.Build.0 = Test|Any CPU
		{09729E70-F78F-4474-8ECC-F6D4C4029C85}.TestQ8|x86.ActiveCfg = Test|Any CPU
		{09729E70-F78F-4474-8ECC-F6D4C4029C85}.TestQ8|x86.Build.0 = Test|Any CPU
		{09729E70-F78F-4474-8ECC-F6D4C4029C85}.TestQ8-OpenMP|Any CPU.ActiveCfg = Test|Any CPU
		{09729E70-F78F-4474-8ECC-F6D4C4029C85}.TestQ8-OpenMP|Any CPU.Build.0 = Test|Any CPU
		{09729E70-F78F-4474-8ECC-F6D4C4029C85}.TestQ8-OpenMP|arm64.ActiveCfg = Test|Any CPU
		{09729E70-F78F-4474-8ECC-F6D4C4029C85}.TestQ8-OpenMP|arm64.Build.0 = Test|Any CPU
		{09729E70-F78F-4474-8ECC-F6D4C4029C85}.TestQ8-OpenMP|x64.ActiveCfg = Test|Any CPU
		{09729E70-F78F-4474-8ECC-F6D4C4029C85}.TestQ8-OpenMP|x64.Build.0 = Test|Any CPU
		{09729E70-F78F-4474-8ECC-F6D4C4029C85}.TestQ8-OpenMP|x86.ActiveCfg = Test|Any CPU
		{09729E70-F78F-4474-8ECC-F6D4C4029C85}.TestQ8-OpenMP|x86.Build.0 = Test|Any CPU
		{B71824E7-A3DA-4B30-88B7-0B6633CB73A5}.Debug|Any CPU.ActiveCfg = DebugQ8|Any CPU
		{B71824E7-A3DA-4B30-88B7-0B6633CB73A5}.Debug|Any CPU.Build.0 = DebugQ8|Any CPU
		{B71824E7-A3DA-4B30-88B7-0B6633CB73A5}.Debug|arm64.ActiveCfg = DebugQ8|arm64
		{B71824E7-A3DA-4B30-88B7-0B6633CB73A5}.Debug|arm64.Build.0 = DebugQ8|arm64
		{B71824E7-A3DA-4B30-88B7-0B6633CB73A5}.Debug|x64.ActiveCfg = DebugQ8|Any CPU
		{B71824E7-A3DA-4B30-88B7-0B6633CB73A5}.Debug|x64.Build.0 = DebugQ8|Any CPU
		{B71824E7-A3DA-4B30-88B7-0B6633CB73A5}.Debug|x86.ActiveCfg = DebugQ8|x86
		{B71824E7-A3DA-4B30-88B7-0B6633CB73A5}.Debug|x86.Build.0 = DebugQ8|x86
		{B71824E7-A3DA-4B30-88B7-0B6633CB73A5}.DebugQ16|Any CPU.ActiveCfg = DebugQ16|Any CPU
		{B71824E7-A3DA-4B30-88B7-0B6633CB73A5}.DebugQ16|Any CPU.Build.0 = DebugQ16|Any CPU
		{B71824E7-A3DA-4B30-88B7-0B6633CB73A5}.DebugQ16|arm64.ActiveCfg = DebugQ16|arm64
		{B71824E7-A3DA-4B30-88B7-0B6633CB73A5}.DebugQ16|arm64.Build.0 = DebugQ16|arm64
		{B71824E7-A3DA-4B30-88B7-0B6633CB73A5}.DebugQ16|x64.ActiveCfg = DebugQ16|x64
		{B71824E7-A3DA-4B30-88B7-0B6633CB73A5}.DebugQ16|x64.Build.0 = DebugQ16|x64
		{B71824E7-A3DA-4B30-88B7-0B6633CB73A5}.DebugQ16|x86.ActiveCfg = DebugQ16|x86
		{B71824E7-A3DA-4B30-88B7-0B6633CB73A5}.DebugQ16|x86.Build.0 = DebugQ16|x86
		{B71824E7-A3DA-4B30-88B7-0B6633CB73A5}.DebugQ16-HDRI|Any CPU.ActiveCfg = DebugQ16-HDRI|Any CPU
		{B71824E7-A3DA-4B30-88B7-0B6633CB73A5}.DebugQ16-HDRI|Any CPU.Build.0 = DebugQ16-HDRI|Any CPU
		{B71824E7-A3DA-4B30-88B7-0B6633CB73A5}.DebugQ16-HDRI|arm64.ActiveCfg = DebugQ16-HDRI|arm64
		{B71824E7-A3DA-4B30-88B7-0B6633CB73A5}.DebugQ16-HDRI|arm64.Build.0 = DebugQ16-HDRI|arm64
		{B71824E7-A3DA-4B30-88B7-0B6633CB73A5}.DebugQ16-HDRI|x64.ActiveCfg = DebugQ16-HDRI|x64
		{B71824E7-A3DA-4B30-88B7-0B6633CB73A5}.DebugQ16-HDRI|x64.Build.0 = DebugQ16-HDRI|x64
		{B71824E7-A3DA-4B30-88B7-0B6633CB73A5}.DebugQ16-HDRI|x86.ActiveCfg = DebugQ16-HDRI|x86
		{B71824E7-A3DA-4B30-88B7-0B6633CB73A5}.DebugQ16-HDRI|x86.Build.0 = DebugQ16-HDRI|x86
		{B71824E7-A3DA-4B30-88B7-0B6633CB73A5}.DebugQ8|Any CPU.ActiveCfg = DebugQ8|Any CPU
		{B71824E7-A3DA-4B30-88B7-0B6633CB73A5}.DebugQ8|Any CPU.Build.0 = DebugQ8|Any CPU
		{B71824E7-A3DA-4B30-88B7-0B6633CB73A5}.DebugQ8|arm64.ActiveCfg = DebugQ8|arm64
		{B71824E7-A3DA-4B30-88B7-0B6633CB73A5}.DebugQ8|arm64.Build.0 = DebugQ8|arm64
		{B71824E7-A3DA-4B30-88B7-0B6633CB73A5}.DebugQ8|x64.ActiveCfg = DebugQ8|x64
		{B71824E7-A3DA-4B30-88B7-0B6633CB73A5}.DebugQ8|x64.Build.0 = DebugQ8|x64
		{B71824E7-A3DA-4B30-88B7-0B6633CB73A5}.DebugQ8|x86.ActiveCfg = DebugQ8|x86
		{B71824E7-A3DA-4B30-88B7-0B6633CB73A5}.DebugQ8|x86.Build.0 = DebugQ8|x86
		{B71824E7-A3DA-4B30-88B7-0B6633CB73A5}.Release|Any CPU.ActiveCfg = ReleaseQ8|Any CPU
		{B71824E7-A3DA-4B30-88B7-0B6633CB73A5}.Release|Any CPU.Build.0 = ReleaseQ8|Any CPU
		{B71824E7-A3DA-4B30-88B7-0B6633CB73A5}.Release|arm64.ActiveCfg = ReleaseQ8|Any CPU
		{B71824E7-A3DA-4B30-88B7-0B6633CB73A5}.Release|arm64.Build.0 = ReleaseQ8|Any CPU
		{B71824E7-A3DA-4B30-88B7-0B6633CB73A5}.Release|x64.ActiveCfg = ReleaseQ8|Any CPU
		{B71824E7-A3DA-4B30-88B7-0B6633CB73A5}.Release|x64.Build.0 = ReleaseQ8|Any CPU
		{B71824E7-A3DA-4B30-88B7-0B6633CB73A5}.Release|x86.ActiveCfg = ReleaseQ8|Any CPU
		{B71824E7-A3DA-4B30-88B7-0B6633CB73A5}.Release|x86.Build.0 = ReleaseQ8|Any CPU
		{B71824E7-A3DA-4B30-88B7-0B6633CB73A5}.ReleaseQ16|Any CPU.ActiveCfg = ReleaseQ16|Any CPU
		{B71824E7-A3DA-4B30-88B7-0B6633CB73A5}.ReleaseQ16|Any CPU.Build.0 = ReleaseQ16|Any CPU
		{B71824E7-A3DA-4B30-88B7-0B6633CB73A5}.ReleaseQ16|arm64.ActiveCfg = ReleaseQ16|arm64
		{B71824E7-A3DA-4B30-88B7-0B6633CB73A5}.ReleaseQ16|arm64.Build.0 = ReleaseQ16|arm64
		{B71824E7-A3DA-4B30-88B7-0B6633CB73A5}.ReleaseQ16|x64.ActiveCfg = ReleaseQ16|x64
		{B71824E7-A3DA-4B30-88B7-0B6633CB73A5}.ReleaseQ16|x64.Build.0 = ReleaseQ16|x64
		{B71824E7-A3DA-4B30-88B7-0B6633CB73A5}.ReleaseQ16|x86.ActiveCfg = ReleaseQ16|x86
		{B71824E7-A3DA-4B30-88B7-0B6633CB73A5}.ReleaseQ16|x86.Build.0 = ReleaseQ16|x86
		{B71824E7-A3DA-4B30-88B7-0B6633CB73A5}.ReleaseQ16-HDRI|Any CPU.ActiveCfg = ReleaseQ16-HDRI|Any CPU
		{B71824E7-A3DA-4B30-88B7-0B6633CB73A5}.ReleaseQ16-HDRI|Any CPU.Build.0 = ReleaseQ16-HDRI|Any CPU
		{B71824E7-A3DA-4B30-88B7-0B6633CB73A5}.ReleaseQ16-HDRI|arm64.ActiveCfg = ReleaseQ16-HDRI|arm64
		{B71824E7-A3DA-4B30-88B7-0B6633CB73A5}.ReleaseQ16-HDRI|arm64.Build.0 = ReleaseQ16-HDRI|arm64
		{B71824E7-A3DA-4B30-88B7-0B6633CB73A5}.ReleaseQ16-HDRI|x64.ActiveCfg = ReleaseQ16-HDRI|x64
		{B71824E7-A3DA-4B30-88B7-0B6633CB73A5}.ReleaseQ16-HDRI|x64.Build.0 = ReleaseQ16-HDRI|x64
		{B71824E7-A3DA-4B30-88B7-0B6633CB73A5}.ReleaseQ16-HDRI|x86.ActiveCfg = ReleaseQ16-HDRI|x86
		{B71824E7-A3DA-4B30-88B7-0B6633CB73A5}.ReleaseQ16-HDRI|x86.Build.0 = ReleaseQ16-HDRI|x86
		{B71824E7-A3DA-4B30-88B7-0B6633CB73A5}.ReleaseQ16-HDRI-OpenMP|Any CPU.ActiveCfg = ReleaseQ16-HDRI-OpenMP|Any CPU
		{B71824E7-A3DA-4B30-88B7-0B6633CB73A5}.ReleaseQ16-HDRI-OpenMP|Any CPU.Build.0 = ReleaseQ16-HDRI-OpenMP|Any CPU
		{B71824E7-A3DA-4B30-88B7-0B6633CB73A5}.ReleaseQ16-HDRI-OpenMP|arm64.ActiveCfg = ReleaseQ16-HDRI-OpenMP|arm64
		{B71824E7-A3DA-4B30-88B7-0B6633CB73A5}.ReleaseQ16-HDRI-OpenMP|arm64.Build.0 = ReleaseQ16-HDRI-OpenMP|arm64
		{B71824E7-A3DA-4B30-88B7-0B6633CB73A5}.ReleaseQ16-HDRI-OpenMP|x64.ActiveCfg = ReleaseQ16-HDRI-OpenMP|Any CPU
		{B71824E7-A3DA-4B30-88B7-0B6633CB73A5}.ReleaseQ16-HDRI-OpenMP|x64.Build.0 = ReleaseQ16-HDRI-OpenMP|Any CPU
		{B71824E7-A3DA-4B30-88B7-0B6633CB73A5}.ReleaseQ16-HDRI-OpenMP|x86.ActiveCfg = ReleaseQ16-HDRI-OpenMP|x86
		{B71824E7-A3DA-4B30-88B7-0B6633CB73A5}.ReleaseQ16-HDRI-OpenMP|x86.Build.0 = ReleaseQ16-HDRI-OpenMP|x86
		{B71824E7-A3DA-4B30-88B7-0B6633CB73A5}.ReleaseQ16-OpenMP|Any CPU.ActiveCfg = ReleaseQ16-OpenMP|Any CPU
		{B71824E7-A3DA-4B30-88B7-0B6633CB73A5}.ReleaseQ16-OpenMP|Any CPU.Build.0 = ReleaseQ16-OpenMP|Any CPU
		{B71824E7-A3DA-4B30-88B7-0B6633CB73A5}.ReleaseQ16-OpenMP|arm64.ActiveCfg = ReleaseQ16-OpenMP|arm64
		{B71824E7-A3DA-4B30-88B7-0B6633CB73A5}.ReleaseQ16-OpenMP|arm64.Build.0 = ReleaseQ16-OpenMP|arm64
		{B71824E7-A3DA-4B30-88B7-0B6633CB73A5}.ReleaseQ16-OpenMP|x64.ActiveCfg = ReleaseQ16-OpenMP|x64
		{B71824E7-A3DA-4B30-88B7-0B6633CB73A5}.ReleaseQ16-OpenMP|x64.Build.0 = ReleaseQ16-OpenMP|x64
		{B71824E7-A3DA-4B30-88B7-0B6633CB73A5}.ReleaseQ16-OpenMP|x86.ActiveCfg = ReleaseQ16-OpenMP|x86
		{B71824E7-A3DA-4B30-88B7-0B6633CB73A5}.ReleaseQ16-OpenMP|x86.Build.0 = ReleaseQ16-OpenMP|x86
		{B71824E7-A3DA-4B30-88B7-0B6633CB73A5}.ReleaseQ8|Any CPU.ActiveCfg = ReleaseQ8|Any CPU
		{B71824E7-A3DA-4B30-88B7-0B6633CB73A5}.ReleaseQ8|Any CPU.Build.0 = ReleaseQ8|Any CPU
		{B71824E7-A3DA-4B30-88B7-0B6633CB73A5}.ReleaseQ8|arm64.ActiveCfg = ReleaseQ8|Any CPU
		{B71824E7-A3DA-4B30-88B7-0B6633CB73A5}.ReleaseQ8|arm64.Build.0 = ReleaseQ8|Any CPU
		{B71824E7-A3DA-4B30-88B7-0B6633CB73A5}.ReleaseQ8|x64.ActiveCfg = ReleaseQ8|Any CPU
		{B71824E7-A3DA-4B30-88B7-0B6633CB73A5}.ReleaseQ8|x64.Build.0 = ReleaseQ8|Any CPU
		{B71824E7-A3DA-4B30-88B7-0B6633CB73A5}.ReleaseQ8|x86.ActiveCfg = ReleaseQ8|Any CPU
		{B71824E7-A3DA-4B30-88B7-0B6633CB73A5}.ReleaseQ8|x86.Build.0 = ReleaseQ8|Any CPU
		{B71824E7-A3DA-4B30-88B7-0B6633CB73A5}.ReleaseQ8-OpenMP|Any CPU.ActiveCfg = ReleaseQ8-OpenMP|Any CPU
		{B71824E7-A3DA-4B30-88B7-0B6633CB73A5}.ReleaseQ8-OpenMP|Any CPU.Build.0 = ReleaseQ8-OpenMP|Any CPU
		{B71824E7-A3DA-4B30-88B7-0B6633CB73A5}.ReleaseQ8-OpenMP|arm64.ActiveCfg = ReleaseQ8-OpenMP|arm64
		{B71824E7-A3DA-4B30-88B7-0B6633CB73A5}.ReleaseQ8-OpenMP|arm64.Build.0 = ReleaseQ8-OpenMP|arm64
		{B71824E7-A3DA-4B30-88B7-0B6633CB73A5}.ReleaseQ8-OpenMP|x64.ActiveCfg = ReleaseQ8-OpenMP|x64
		{B71824E7-A3DA-4B30-88B7-0B6633CB73A5}.ReleaseQ8-OpenMP|x64.Build.0 = ReleaseQ8-OpenMP|x64
		{B71824E7-A3DA-4B30-88B7-0B6633CB73A5}.ReleaseQ8-OpenMP|x86.ActiveCfg = ReleaseQ8-OpenMP|x86
		{B71824E7-A3DA-4B30-88B7-0B6633CB73A5}.ReleaseQ8-OpenMP|x86.Build.0 = ReleaseQ8-OpenMP|x86
		{B71824E7-A3DA-4B30-88B7-0B6633CB73A5}.Test|Any CPU.ActiveCfg = TestQ8|Any CPU
		{B71824E7-A3DA-4B30-88B7-0B6633CB73A5}.Test|Any CPU.Build.0 = TestQ8|Any CPU
		{B71824E7-A3DA-4B30-88B7-0B6633CB73A5}.Test|arm64.ActiveCfg = TestQ8|arm64
		{B71824E7-A3DA-4B30-88B7-0B6633CB73A5}.Test|arm64.Build.0 = TestQ8|arm64
		{B71824E7-A3DA-4B30-88B7-0B6633CB73A5}.Test|x64.ActiveCfg = TestQ8|x64
		{B71824E7-A3DA-4B30-88B7-0B6633CB73A5}.Test|x64.Build.0 = TestQ8|x64
		{B71824E7-A3DA-4B30-88B7-0B6633CB73A5}.Test|x86.ActiveCfg = TestQ8|x86
		{B71824E7-A3DA-4B30-88B7-0B6633CB73A5}.Test|x86.Build.0 = TestQ8|x86
		{B71824E7-A3DA-4B30-88B7-0B6633CB73A5}.TestQ16|Any CPU.ActiveCfg = TestQ16|Any CPU
		{B71824E7-A3DA-4B30-88B7-0B6633CB73A5}.TestQ16|Any CPU.Build.0 = TestQ16|Any CPU
		{B71824E7-A3DA-4B30-88B7-0B6633CB73A5}.TestQ16|arm64.ActiveCfg = TestQ16|arm64
		{B71824E7-A3DA-4B30-88B7-0B6633CB73A5}.TestQ16|arm64.Build.0 = TestQ16|arm64
		{B71824E7-A3DA-4B30-88B7-0B6633CB73A5}.TestQ16|x64.ActiveCfg = TestQ16|x64
		{B71824E7-A3DA-4B30-88B7-0B6633CB73A5}.TestQ16|x64.Build.0 = TestQ16|x64
		{B71824E7-A3DA-4B30-88B7-0B6633CB73A5}.TestQ16|x86.ActiveCfg = TestQ16|x86
		{B71824E7-A3DA-4B30-88B7-0B6633CB73A5}.TestQ16|x86.Build.0 = TestQ16|x86
		{B71824E7-A3DA-4B30-88B7-0B6633CB73A5}.TestQ16-HDRI|Any CPU.ActiveCfg = TestQ16-HDRI|Any CPU
		{B71824E7-A3DA-4B30-88B7-0B6633CB73A5}.TestQ16-HDRI|Any CPU.Build.0 = TestQ16-HDRI|Any CPU
		{B71824E7-A3DA-4B30-88B7-0B6633CB73A5}.TestQ16-HDRI|arm64.ActiveCfg = TestQ16-HDRI|arm64
		{B71824E7-A3DA-4B30-88B7-0B6633CB73A5}.TestQ16-HDRI|arm64.Build.0 = TestQ16-HDRI|arm64
		{B71824E7-A3DA-4B30-88B7-0B6633CB73A5}.TestQ16-HDRI|x64.ActiveCfg = TestQ16-HDRI|x64
		{B71824E7-A3DA-4B30-88B7-0B6633CB73A5}.TestQ16-HDRI|x64.Build.0 = TestQ16-HDRI|x64
		{B71824E7-A3DA-4B30-88B7-0B6633CB73A5}.TestQ16-HDRI|x86.ActiveCfg = TestQ16-HDRI|x86
		{B71824E7-A3DA-4B30-88B7-0B6633CB73A5}.TestQ16-HDRI|x86.Build.0 = TestQ16-HDRI|x86
		{B71824E7-A3DA-4B30-88B7-0B6633CB73A5}.TestQ16-HDRI-OpenMP|Any CPU.ActiveCfg = TestQ16-HDRI-OpenMP|Any CPU
		{B71824E7-A3DA-4B30-88B7-0B6633CB73A5}.TestQ16-HDRI-OpenMP|Any CPU.Build.0 = TestQ16-HDRI-OpenMP|Any CPU
		{B71824E7-A3DA-4B30-88B7-0B6633CB73A5}.TestQ16-HDRI-OpenMP|arm64.ActiveCfg = TestQ16-HDRI-OpenMP|arm64
		{B71824E7-A3DA-4B30-88B7-0B6633CB73A5}.TestQ16-HDRI-OpenMP|arm64.Build.0 = TestQ16-HDRI-OpenMP|arm64
		{B71824E7-A3DA-4B30-88B7-0B6633CB73A5}.TestQ16-HDRI-OpenMP|x64.ActiveCfg = TestQ16-HDRI-OpenMP|x64
		{B71824E7-A3DA-4B30-88B7-0B6633CB73A5}.TestQ16-HDRI-OpenMP|x64.Build.0 = TestQ16-HDRI-OpenMP|x64
		{B71824E7-A3DA-4B30-88B7-0B6633CB73A5}.TestQ16-HDRI-OpenMP|x86.ActiveCfg = TestQ16-HDRI-OpenMP|x86
		{B71824E7-A3DA-4B30-88B7-0B6633CB73A5}.TestQ16-HDRI-OpenMP|x86.Build.0 = TestQ16-HDRI-OpenMP|x86
		{B71824E7-A3DA-4B30-88B7-0B6633CB73A5}.TestQ16-OpenMP|Any CPU.ActiveCfg = TestQ16-OpenMP|Any CPU
		{B71824E7-A3DA-4B30-88B7-0B6633CB73A5}.TestQ16-OpenMP|Any CPU.Build.0 = TestQ16-OpenMP|Any CPU
		{B71824E7-A3DA-4B30-88B7-0B6633CB73A5}.TestQ16-OpenMP|arm64.ActiveCfg = TestQ16-OpenMP|arm64
		{B71824E7-A3DA-4B30-88B7-0B6633CB73A5}.TestQ16-OpenMP|arm64.Build.0 = TestQ16-OpenMP|arm64
		{B71824E7-A3DA-4B30-88B7-0B6633CB73A5}.TestQ16-OpenMP|x64.ActiveCfg = TestQ16-OpenMP|x64
		{B71824E7-A3DA-4B30-88B7-0B6633CB73A5}.TestQ16-OpenMP|x64.Build.0 = TestQ16-OpenMP|x64
		{B71824E7-A3DA-4B30-88B7-0B6633CB73A5}.TestQ16-OpenMP|x86.ActiveCfg = TestQ16-OpenMP|x86
		{B71824E7-A3DA-4B30-88B7-0B6633CB73A5}.TestQ16-OpenMP|x86.Build.0 = TestQ16-OpenMP|x86
		{B71824E7-A3DA-4B30-88B7-0B6633CB73A5}.TestQ8|Any CPU.ActiveCfg = TestQ8|Any CPU
		{B71824E7-A3DA-4B30-88B7-0B6633CB73A5}.TestQ8|Any CPU.Build.0 = TestQ8|Any CPU
		{B71824E7-A3DA-4B30-88B7-0B6633CB73A5}.TestQ8|arm64.ActiveCfg = TestQ8|arm64
		{B71824E7-A3DA-4B30-88B7-0B6633CB73A5}.TestQ8|arm64.Build.0 = TestQ8|arm64
		{B71824E7-A3DA-4B30-88B7-0B6633CB73A5}.TestQ8|x64.ActiveCfg = TestQ8|x64
		{B71824E7-A3DA-4B30-88B7-0B6633CB73A5}.TestQ8|x64.Build.0 = TestQ8|x64
		{B71824E7-A3DA-4B30-88B7-0B6633CB73A5}.TestQ8|x86.ActiveCfg = TestQ8|x86
		{B71824E7-A3DA-4B30-88B7-0B6633CB73A5}.TestQ8|x86.Build.0 = TestQ8|x86
		{B71824E7-A3DA-4B30-88B7-0B6633CB73A5}.TestQ8-OpenMP|Any CPU.ActiveCfg = TestQ8-OpenMP|Any CPU
		{B71824E7-A3DA-4B30-88B7-0B6633CB73A5}.TestQ8-OpenMP|Any CPU.Build.0 = TestQ8-OpenMP|Any CPU
		{B71824E7-A3DA-4B30-88B7-0B6633CB73A5}.TestQ8-OpenMP|arm64.ActiveCfg = TestQ8-OpenMP|arm64
		{B71824E7-A3DA-4B30-88B7-0B6633CB73A5}.TestQ8-OpenMP|arm64.Build.0 = TestQ8-OpenMP|arm64
		{B71824E7-A3DA-4B30-88B7-0B6633CB73A5}.TestQ8-OpenMP|x64.ActiveCfg = TestQ8-OpenMP|x64
		{B71824E7-A3DA-4B30-88B7-0B6633CB73A5}.TestQ8-OpenMP|x64.Build.0 = TestQ8-OpenMP|x64
		{B71824E7-A3DA-4B30-88B7-0B6633CB73A5}.TestQ8-OpenMP|x86.ActiveCfg = TestQ8-OpenMP|x86
		{B71824E7-A3DA-4B30-88B7-0B6633CB73A5}.TestQ8-OpenMP|x86.Build.0 = TestQ8-OpenMP|x86
		{159287BE-9E61-428E-95B4-18C1CBD99DC7}.Debug|Any CPU.ActiveCfg = Debug|Any CPU
		{159287BE-9E61-428E-95B4-18C1CBD99DC7}.Debug|Any CPU.Build.0 = Debug|Any CPU
		{159287BE-9E61-428E-95B4-18C1CBD99DC7}.Debug|arm64.ActiveCfg = Debug|Any CPU
		{159287BE-9E61-428E-95B4-18C1CBD99DC7}.Debug|arm64.Build.0 = Debug|Any CPU
		{159287BE-9E61-428E-95B4-18C1CBD99DC7}.Debug|x64.ActiveCfg = Debug|Any CPU
		{159287BE-9E61-428E-95B4-18C1CBD99DC7}.Debug|x64.Build.0 = Debug|Any CPU
		{159287BE-9E61-428E-95B4-18C1CBD99DC7}.Debug|x86.ActiveCfg = Debug|Any CPU
		{159287BE-9E61-428E-95B4-18C1CBD99DC7}.Debug|x86.Build.0 = Debug|Any CPU
		{159287BE-9E61-428E-95B4-18C1CBD99DC7}.DebugQ16|Any CPU.ActiveCfg = Debug|Any CPU
		{159287BE-9E61-428E-95B4-18C1CBD99DC7}.DebugQ16|Any CPU.Build.0 = Debug|Any CPU
		{159287BE-9E61-428E-95B4-18C1CBD99DC7}.DebugQ16|arm64.ActiveCfg = Debug|Any CPU
		{159287BE-9E61-428E-95B4-18C1CBD99DC7}.DebugQ16|arm64.Build.0 = Debug|Any CPU
		{159287BE-9E61-428E-95B4-18C1CBD99DC7}.DebugQ16|x64.ActiveCfg = Debug|Any CPU
		{159287BE-9E61-428E-95B4-18C1CBD99DC7}.DebugQ16|x64.Build.0 = Debug|Any CPU
		{159287BE-9E61-428E-95B4-18C1CBD99DC7}.DebugQ16|x86.ActiveCfg = Debug|Any CPU
		{159287BE-9E61-428E-95B4-18C1CBD99DC7}.DebugQ16|x86.Build.0 = Debug|Any CPU
		{159287BE-9E61-428E-95B4-18C1CBD99DC7}.DebugQ16-HDRI|Any CPU.ActiveCfg = Debug|Any CPU
		{159287BE-9E61-428E-95B4-18C1CBD99DC7}.DebugQ16-HDRI|Any CPU.Build.0 = Debug|Any CPU
		{159287BE-9E61-428E-95B4-18C1CBD99DC7}.DebugQ16-HDRI|arm64.ActiveCfg = Debug|Any CPU
		{159287BE-9E61-428E-95B4-18C1CBD99DC7}.DebugQ16-HDRI|arm64.Build.0 = Debug|Any CPU
		{159287BE-9E61-428E-95B4-18C1CBD99DC7}.DebugQ16-HDRI|x64.ActiveCfg = Debug|Any CPU
		{159287BE-9E61-428E-95B4-18C1CBD99DC7}.DebugQ16-HDRI|x64.Build.0 = Debug|Any CPU
		{159287BE-9E61-428E-95B4-18C1CBD99DC7}.DebugQ16-HDRI|x86.ActiveCfg = Debug|Any CPU
		{159287BE-9E61-428E-95B4-18C1CBD99DC7}.DebugQ16-HDRI|x86.Build.0 = Debug|Any CPU
		{159287BE-9E61-428E-95B4-18C1CBD99DC7}.DebugQ8|Any CPU.ActiveCfg = Debug|Any CPU
		{159287BE-9E61-428E-95B4-18C1CBD99DC7}.DebugQ8|Any CPU.Build.0 = Debug|Any CPU
		{159287BE-9E61-428E-95B4-18C1CBD99DC7}.DebugQ8|arm64.ActiveCfg = Debug|Any CPU
		{159287BE-9E61-428E-95B4-18C1CBD99DC7}.DebugQ8|arm64.Build.0 = Debug|Any CPU
		{159287BE-9E61-428E-95B4-18C1CBD99DC7}.DebugQ8|x64.ActiveCfg = Debug|Any CPU
		{159287BE-9E61-428E-95B4-18C1CBD99DC7}.DebugQ8|x64.Build.0 = Debug|Any CPU
		{159287BE-9E61-428E-95B4-18C1CBD99DC7}.DebugQ8|x86.ActiveCfg = Debug|Any CPU
		{159287BE-9E61-428E-95B4-18C1CBD99DC7}.DebugQ8|x86.Build.0 = Debug|Any CPU
		{159287BE-9E61-428E-95B4-18C1CBD99DC7}.Release|Any CPU.ActiveCfg = Release|Any CPU
		{159287BE-9E61-428E-95B4-18C1CBD99DC7}.Release|Any CPU.Build.0 = Release|Any CPU
		{159287BE-9E61-428E-95B4-18C1CBD99DC7}.Release|arm64.ActiveCfg = Release|Any CPU
		{159287BE-9E61-428E-95B4-18C1CBD99DC7}.Release|arm64.Build.0 = Release|Any CPU
		{159287BE-9E61-428E-95B4-18C1CBD99DC7}.Release|x64.ActiveCfg = Release|Any CPU
		{159287BE-9E61-428E-95B4-18C1CBD99DC7}.Release|x64.Build.0 = Release|Any CPU
		{159287BE-9E61-428E-95B4-18C1CBD99DC7}.Release|x86.ActiveCfg = Release|Any CPU
		{159287BE-9E61-428E-95B4-18C1CBD99DC7}.Release|x86.Build.0 = Release|Any CPU
		{159287BE-9E61-428E-95B4-18C1CBD99DC7}.ReleaseQ16|Any CPU.ActiveCfg = Release|Any CPU
		{159287BE-9E61-428E-95B4-18C1CBD99DC7}.ReleaseQ16|Any CPU.Build.0 = Release|Any CPU
		{159287BE-9E61-428E-95B4-18C1CBD99DC7}.ReleaseQ16|arm64.ActiveCfg = Release|Any CPU
		{159287BE-9E61-428E-95B4-18C1CBD99DC7}.ReleaseQ16|arm64.Build.0 = Release|Any CPU
		{159287BE-9E61-428E-95B4-18C1CBD99DC7}.ReleaseQ16|x64.ActiveCfg = Release|Any CPU
		{159287BE-9E61-428E-95B4-18C1CBD99DC7}.ReleaseQ16|x64.Build.0 = Release|Any CPU
		{159287BE-9E61-428E-95B4-18C1CBD99DC7}.ReleaseQ16|x86.ActiveCfg = Release|Any CPU
		{159287BE-9E61-428E-95B4-18C1CBD99DC7}.ReleaseQ16|x86.Build.0 = Release|Any CPU
		{159287BE-9E61-428E-95B4-18C1CBD99DC7}.ReleaseQ16-HDRI|Any CPU.ActiveCfg = Release|Any CPU
		{159287BE-9E61-428E-95B4-18C1CBD99DC7}.ReleaseQ16-HDRI|Any CPU.Build.0 = Release|Any CPU
		{159287BE-9E61-428E-95B4-18C1CBD99DC7}.ReleaseQ16-HDRI|arm64.ActiveCfg = Release|Any CPU
		{159287BE-9E61-428E-95B4-18C1CBD99DC7}.ReleaseQ16-HDRI|arm64.Build.0 = Release|Any CPU
		{159287BE-9E61-428E-95B4-18C1CBD99DC7}.ReleaseQ16-HDRI|x64.ActiveCfg = Release|Any CPU
		{159287BE-9E61-428E-95B4-18C1CBD99DC7}.ReleaseQ16-HDRI|x64.Build.0 = Release|Any CPU
		{159287BE-9E61-428E-95B4-18C1CBD99DC7}.ReleaseQ16-HDRI|x86.ActiveCfg = Release|Any CPU
		{159287BE-9E61-428E-95B4-18C1CBD99DC7}.ReleaseQ16-HDRI|x86.Build.0 = Release|Any CPU
		{159287BE-9E61-428E-95B4-18C1CBD99DC7}.ReleaseQ16-HDRI-OpenMP|Any CPU.ActiveCfg = Release|Any CPU
		{159287BE-9E61-428E-95B4-18C1CBD99DC7}.ReleaseQ16-HDRI-OpenMP|Any CPU.Build.0 = Release|Any CPU
		{159287BE-9E61-428E-95B4-18C1CBD99DC7}.ReleaseQ16-HDRI-OpenMP|arm64.ActiveCfg = Release|Any CPU
		{159287BE-9E61-428E-95B4-18C1CBD99DC7}.ReleaseQ16-HDRI-OpenMP|arm64.Build.0 = Release|Any CPU
		{159287BE-9E61-428E-95B4-18C1CBD99DC7}.ReleaseQ16-HDRI-OpenMP|x64.ActiveCfg = Release|Any CPU
		{159287BE-9E61-428E-95B4-18C1CBD99DC7}.ReleaseQ16-HDRI-OpenMP|x64.Build.0 = Release|Any CPU
		{159287BE-9E61-428E-95B4-18C1CBD99DC7}.ReleaseQ16-HDRI-OpenMP|x86.ActiveCfg = Release|Any CPU
		{159287BE-9E61-428E-95B4-18C1CBD99DC7}.ReleaseQ16-HDRI-OpenMP|x86.Build.0 = Release|Any CPU
		{159287BE-9E61-428E-95B4-18C1CBD99DC7}.ReleaseQ16-OpenMP|Any CPU.ActiveCfg = Release|Any CPU
		{159287BE-9E61-428E-95B4-18C1CBD99DC7}.ReleaseQ16-OpenMP|Any CPU.Build.0 = Release|Any CPU
		{159287BE-9E61-428E-95B4-18C1CBD99DC7}.ReleaseQ16-OpenMP|arm64.ActiveCfg = Release|Any CPU
		{159287BE-9E61-428E-95B4-18C1CBD99DC7}.ReleaseQ16-OpenMP|arm64.Build.0 = Release|Any CPU
		{159287BE-9E61-428E-95B4-18C1CBD99DC7}.ReleaseQ16-OpenMP|x64.ActiveCfg = Release|Any CPU
		{159287BE-9E61-428E-95B4-18C1CBD99DC7}.ReleaseQ16-OpenMP|x64.Build.0 = Release|Any CPU
		{159287BE-9E61-428E-95B4-18C1CBD99DC7}.ReleaseQ16-OpenMP|x86.ActiveCfg = Release|Any CPU
		{159287BE-9E61-428E-95B4-18C1CBD99DC7}.ReleaseQ16-OpenMP|x86.Build.0 = Release|Any CPU
		{159287BE-9E61-428E-95B4-18C1CBD99DC7}.ReleaseQ8|Any CPU.ActiveCfg = Release|Any CPU
		{159287BE-9E61-428E-95B4-18C1CBD99DC7}.ReleaseQ8|Any CPU.Build.0 = Release|Any CPU
		{159287BE-9E61-428E-95B4-18C1CBD99DC7}.ReleaseQ8|arm64.ActiveCfg = Release|Any CPU
		{159287BE-9E61-428E-95B4-18C1CBD99DC7}.ReleaseQ8|arm64.Build.0 = Release|Any CPU
		{159287BE-9E61-428E-95B4-18C1CBD99DC7}.ReleaseQ8|x64.ActiveCfg = Release|Any CPU
		{159287BE-9E61-428E-95B4-18C1CBD99DC7}.ReleaseQ8|x64.Build.0 = Release|Any CPU
		{159287BE-9E61-428E-95B4-18C1CBD99DC7}.ReleaseQ8|x86.ActiveCfg = Release|Any CPU
		{159287BE-9E61-428E-95B4-18C1CBD99DC7}.ReleaseQ8|x86.Build.0 = Release|Any CPU
		{159287BE-9E61-428E-95B4-18C1CBD99DC7}.ReleaseQ8-OpenMP|Any CPU.ActiveCfg = Release|Any CPU
		{159287BE-9E61-428E-95B4-18C1CBD99DC7}.ReleaseQ8-OpenMP|Any CPU.Build.0 = Release|Any CPU
		{159287BE-9E61-428E-95B4-18C1CBD99DC7}.ReleaseQ8-OpenMP|arm64.ActiveCfg = Release|Any CPU
		{159287BE-9E61-428E-95B4-18C1CBD99DC7}.ReleaseQ8-OpenMP|arm64.Build.0 = Release|Any CPU
		{159287BE-9E61-428E-95B4-18C1CBD99DC7}.ReleaseQ8-OpenMP|x64.ActiveCfg = Release|Any CPU
		{159287BE-9E61-428E-95B4-18C1CBD99DC7}.ReleaseQ8-OpenMP|x64.Build.0 = Release|Any CPU
		{159287BE-9E61-428E-95B4-18C1CBD99DC7}.ReleaseQ8-OpenMP|x86.ActiveCfg = Release|Any CPU
		{159287BE-9E61-428E-95B4-18C1CBD99DC7}.ReleaseQ8-OpenMP|x86.Build.0 = Release|Any CPU
		{159287BE-9E61-428E-95B4-18C1CBD99DC7}.Test|Any CPU.ActiveCfg = Debug|Any CPU
		{159287BE-9E61-428E-95B4-18C1CBD99DC7}.Test|Any CPU.Build.0 = Debug|Any CPU
		{159287BE-9E61-428E-95B4-18C1CBD99DC7}.Test|arm64.ActiveCfg = Debug|Any CPU
		{159287BE-9E61-428E-95B4-18C1CBD99DC7}.Test|arm64.Build.0 = Debug|Any CPU
		{159287BE-9E61-428E-95B4-18C1CBD99DC7}.Test|x64.ActiveCfg = Debug|Any CPU
		{159287BE-9E61-428E-95B4-18C1CBD99DC7}.Test|x64.Build.0 = Debug|Any CPU
		{159287BE-9E61-428E-95B4-18C1CBD99DC7}.Test|x86.ActiveCfg = Debug|Any CPU
		{159287BE-9E61-428E-95B4-18C1CBD99DC7}.Test|x86.Build.0 = Debug|Any CPU
		{159287BE-9E61-428E-95B4-18C1CBD99DC7}.TestQ16|Any CPU.ActiveCfg = Debug|Any CPU
		{159287BE-9E61-428E-95B4-18C1CBD99DC7}.TestQ16|Any CPU.Build.0 = Debug|Any CPU
		{159287BE-9E61-428E-95B4-18C1CBD99DC7}.TestQ16|arm64.ActiveCfg = Debug|Any CPU
		{159287BE-9E61-428E-95B4-18C1CBD99DC7}.TestQ16|arm64.Build.0 = Debug|Any CPU
		{159287BE-9E61-428E-95B4-18C1CBD99DC7}.TestQ16|x64.ActiveCfg = Debug|Any CPU
		{159287BE-9E61-428E-95B4-18C1CBD99DC7}.TestQ16|x64.Build.0 = Debug|Any CPU
		{159287BE-9E61-428E-95B4-18C1CBD99DC7}.TestQ16|x86.ActiveCfg = Debug|Any CPU
		{159287BE-9E61-428E-95B4-18C1CBD99DC7}.TestQ16|x86.Build.0 = Debug|Any CPU
		{159287BE-9E61-428E-95B4-18C1CBD99DC7}.TestQ16-HDRI|Any CPU.ActiveCfg = Debug|Any CPU
		{159287BE-9E61-428E-95B4-18C1CBD99DC7}.TestQ16-HDRI|Any CPU.Build.0 = Debug|Any CPU
		{159287BE-9E61-428E-95B4-18C1CBD99DC7}.TestQ16-HDRI|arm64.ActiveCfg = Debug|Any CPU
		{159287BE-9E61-428E-95B4-18C1CBD99DC7}.TestQ16-HDRI|arm64.Build.0 = Debug|Any CPU
		{159287BE-9E61-428E-95B4-18C1CBD99DC7}.TestQ16-HDRI|x64.ActiveCfg = Debug|Any CPU
		{159287BE-9E61-428E-95B4-18C1CBD99DC7}.TestQ16-HDRI|x64.Build.0 = Debug|Any CPU
		{159287BE-9E61-428E-95B4-18C1CBD99DC7}.TestQ16-HDRI|x86.ActiveCfg = Debug|Any CPU
		{159287BE-9E61-428E-95B4-18C1CBD99DC7}.TestQ16-HDRI|x86.Build.0 = Debug|Any CPU
		{159287BE-9E61-428E-95B4-18C1CBD99DC7}.TestQ16-HDRI-OpenMP|Any CPU.ActiveCfg = Debug|Any CPU
		{159287BE-9E61-428E-95B4-18C1CBD99DC7}.TestQ16-HDRI-OpenMP|Any CPU.Build.0 = Debug|Any CPU
		{159287BE-9E61-428E-95B4-18C1CBD99DC7}.TestQ16-HDRI-OpenMP|arm64.ActiveCfg = Debug|Any CPU
		{159287BE-9E61-428E-95B4-18C1CBD99DC7}.TestQ16-HDRI-OpenMP|arm64.Build.0 = Debug|Any CPU
		{159287BE-9E61-428E-95B4-18C1CBD99DC7}.TestQ16-HDRI-OpenMP|x64.ActiveCfg = Debug|Any CPU
		{159287BE-9E61-428E-95B4-18C1CBD99DC7}.TestQ16-HDRI-OpenMP|x64.Build.0 = Debug|Any CPU
		{159287BE-9E61-428E-95B4-18C1CBD99DC7}.TestQ16-HDRI-OpenMP|x86.ActiveCfg = Debug|Any CPU
		{159287BE-9E61-428E-95B4-18C1CBD99DC7}.TestQ16-HDRI-OpenMP|x86.Build.0 = Debug|Any CPU
		{159287BE-9E61-428E-95B4-18C1CBD99DC7}.TestQ16-OpenMP|Any CPU.ActiveCfg = Debug|Any CPU
		{159287BE-9E61-428E-95B4-18C1CBD99DC7}.TestQ16-OpenMP|Any CPU.Build.0 = Debug|Any CPU
		{159287BE-9E61-428E-95B4-18C1CBD99DC7}.TestQ16-OpenMP|arm64.ActiveCfg = Debug|Any CPU
		{159287BE-9E61-428E-95B4-18C1CBD99DC7}.TestQ16-OpenMP|arm64.Build.0 = Debug|Any CPU
		{159287BE-9E61-428E-95B4-18C1CBD99DC7}.TestQ16-OpenMP|x64.ActiveCfg = Debug|Any CPU
		{159287BE-9E61-428E-95B4-18C1CBD99DC7}.TestQ16-OpenMP|x64.Build.0 = Debug|Any CPU
		{159287BE-9E61-428E-95B4-18C1CBD99DC7}.TestQ16-OpenMP|x86.ActiveCfg = Debug|Any CPU
		{159287BE-9E61-428E-95B4-18C1CBD99DC7}.TestQ16-OpenMP|x86.Build.0 = Debug|Any CPU
		{159287BE-9E61-428E-95B4-18C1CBD99DC7}.TestQ8|Any CPU.ActiveCfg = Debug|Any CPU
		{159287BE-9E61-428E-95B4-18C1CBD99DC7}.TestQ8|Any CPU.Build.0 = Debug|Any CPU
		{159287BE-9E61-428E-95B4-18C1CBD99DC7}.TestQ8|arm64.ActiveCfg = Debug|Any CPU
		{159287BE-9E61-428E-95B4-18C1CBD99DC7}.TestQ8|arm64.Build.0 = Debug|Any CPU
		{159287BE-9E61-428E-95B4-18C1CBD99DC7}.TestQ8|x64.ActiveCfg = Debug|Any CPU
		{159287BE-9E61-428E-95B4-18C1CBD99DC7}.TestQ8|x64.Build.0 = Debug|Any CPU
		{159287BE-9E61-428E-95B4-18C1CBD99DC7}.TestQ8|x86.ActiveCfg = Debug|Any CPU
		{159287BE-9E61-428E-95B4-18C1CBD99DC7}.TestQ8|x86.Build.0 = Debug|Any CPU
		{159287BE-9E61-428E-95B4-18C1CBD99DC7}.TestQ8-OpenMP|Any CPU.ActiveCfg = Debug|Any CPU
		{159287BE-9E61-428E-95B4-18C1CBD99DC7}.TestQ8-OpenMP|Any CPU.Build.0 = Debug|Any CPU
		{159287BE-9E61-428E-95B4-18C1CBD99DC7}.TestQ8-OpenMP|arm64.ActiveCfg = Debug|Any CPU
		{159287BE-9E61-428E-95B4-18C1CBD99DC7}.TestQ8-OpenMP|arm64.Build.0 = Debug|Any CPU
		{159287BE-9E61-428E-95B4-18C1CBD99DC7}.TestQ8-OpenMP|x64.ActiveCfg = Debug|Any CPU
		{159287BE-9E61-428E-95B4-18C1CBD99DC7}.TestQ8-OpenMP|x64.Build.0 = Debug|Any CPU
		{159287BE-9E61-428E-95B4-18C1CBD99DC7}.TestQ8-OpenMP|x86.ActiveCfg = Debug|Any CPU
		{159287BE-9E61-428E-95B4-18C1CBD99DC7}.TestQ8-OpenMP|x86.Build.0 = Debug|Any CPU
		{6F0468A9-22FA-4965-AC93-2B0B6E007417}.Debug|Any CPU.ActiveCfg = Debug|Any CPU
		{6F0468A9-22FA-4965-AC93-2B0B6E007417}.Debug|arm64.ActiveCfg = Debug|Any CPU
		{6F0468A9-22FA-4965-AC93-2B0B6E007417}.Debug|x64.ActiveCfg = Debug|Any CPU
		{6F0468A9-22FA-4965-AC93-2B0B6E007417}.Debug|x86.ActiveCfg = Debug|Any CPU
		{6F0468A9-22FA-4965-AC93-2B0B6E007417}.DebugQ16|Any CPU.ActiveCfg = Debug|Any CPU
		{6F0468A9-22FA-4965-AC93-2B0B6E007417}.DebugQ16|arm64.ActiveCfg = Debug|Any CPU
		{6F0468A9-22FA-4965-AC93-2B0B6E007417}.DebugQ16|x64.ActiveCfg = Debug|Any CPU
		{6F0468A9-22FA-4965-AC93-2B0B6E007417}.DebugQ16|x86.ActiveCfg = Debug|Any CPU
		{6F0468A9-22FA-4965-AC93-2B0B6E007417}.DebugQ16-HDRI|Any CPU.ActiveCfg = Debug|Any CPU
		{6F0468A9-22FA-4965-AC93-2B0B6E007417}.DebugQ16-HDRI|arm64.ActiveCfg = Debug|Any CPU
		{6F0468A9-22FA-4965-AC93-2B0B6E007417}.DebugQ16-HDRI|x64.ActiveCfg = Debug|Any CPU
		{6F0468A9-22FA-4965-AC93-2B0B6E007417}.DebugQ16-HDRI|x86.ActiveCfg = Debug|Any CPU
		{6F0468A9-22FA-4965-AC93-2B0B6E007417}.DebugQ8|Any CPU.ActiveCfg = Debug|Any CPU
		{6F0468A9-22FA-4965-AC93-2B0B6E007417}.DebugQ8|arm64.ActiveCfg = Debug|Any CPU
		{6F0468A9-22FA-4965-AC93-2B0B6E007417}.DebugQ8|x64.ActiveCfg = Debug|Any CPU
		{6F0468A9-22FA-4965-AC93-2B0B6E007417}.DebugQ8|x86.ActiveCfg = Debug|Any CPU
		{6F0468A9-22FA-4965-AC93-2B0B6E007417}.Release|Any CPU.ActiveCfg = Release|Any CPU
		{6F0468A9-22FA-4965-AC93-2B0B6E007417}.Release|arm64.ActiveCfg = Release|Any CPU
		{6F0468A9-22FA-4965-AC93-2B0B6E007417}.Release|x64.ActiveCfg = Release|Any CPU
		{6F0468A9-22FA-4965-AC93-2B0B6E007417}.Release|x86.ActiveCfg = Release|Any CPU
		{6F0468A9-22FA-4965-AC93-2B0B6E007417}.ReleaseQ16|Any CPU.ActiveCfg = Release|Any CPU
		{6F0468A9-22FA-4965-AC93-2B0B6E007417}.ReleaseQ16|arm64.ActiveCfg = Release|Any CPU
		{6F0468A9-22FA-4965-AC93-2B0B6E007417}.ReleaseQ16|x64.ActiveCfg = Release|Any CPU
		{6F0468A9-22FA-4965-AC93-2B0B6E007417}.ReleaseQ16|x86.ActiveCfg = Release|Any CPU
		{6F0468A9-22FA-4965-AC93-2B0B6E007417}.ReleaseQ16-HDRI|Any CPU.ActiveCfg = Release|Any CPU
		{6F0468A9-22FA-4965-AC93-2B0B6E007417}.ReleaseQ16-HDRI|arm64.ActiveCfg = Release|Any CPU
		{6F0468A9-22FA-4965-AC93-2B0B6E007417}.ReleaseQ16-HDRI|x64.ActiveCfg = Release|Any CPU
		{6F0468A9-22FA-4965-AC93-2B0B6E007417}.ReleaseQ16-HDRI|x86.ActiveCfg = Release|Any CPU
		{6F0468A9-22FA-4965-AC93-2B0B6E007417}.ReleaseQ16-HDRI-OpenMP|Any CPU.ActiveCfg = Release|Any CPU
		{6F0468A9-22FA-4965-AC93-2B0B6E007417}.ReleaseQ16-HDRI-OpenMP|arm64.ActiveCfg = Release|Any CPU
		{6F0468A9-22FA-4965-AC93-2B0B6E007417}.ReleaseQ16-HDRI-OpenMP|x64.ActiveCfg = Release|Any CPU
		{6F0468A9-22FA-4965-AC93-2B0B6E007417}.ReleaseQ16-HDRI-OpenMP|x86.ActiveCfg = Release|Any CPU
		{6F0468A9-22FA-4965-AC93-2B0B6E007417}.ReleaseQ16-OpenMP|Any CPU.ActiveCfg = Release|Any CPU
		{6F0468A9-22FA-4965-AC93-2B0B6E007417}.ReleaseQ16-OpenMP|arm64.ActiveCfg = Release|Any CPU
		{6F0468A9-22FA-4965-AC93-2B0B6E007417}.ReleaseQ16-OpenMP|x64.ActiveCfg = Release|Any CPU
		{6F0468A9-22FA-4965-AC93-2B0B6E007417}.ReleaseQ16-OpenMP|x86.ActiveCfg = Release|Any CPU
		{6F0468A9-22FA-4965-AC93-2B0B6E007417}.ReleaseQ8|Any CPU.ActiveCfg = Release|Any CPU
		{6F0468A9-22FA-4965-AC93-2B0B6E007417}.ReleaseQ8|arm64.ActiveCfg = Release|Any CPU
		{6F0468A9-22FA-4965-AC93-2B0B6E007417}.ReleaseQ8|x64.ActiveCfg = Release|Any CPU
		{6F0468A9-22FA-4965-AC93-2B0B6E007417}.ReleaseQ8|x86.ActiveCfg = Release|Any CPU
		{6F0468A9-22FA-4965-AC93-2B0B6E007417}.ReleaseQ8-OpenMP|Any CPU.ActiveCfg = Release|Any CPU
		{6F0468A9-22FA-4965-AC93-2B0B6E007417}.ReleaseQ8-OpenMP|arm64.ActiveCfg = Release|Any CPU
		{6F0468A9-22FA-4965-AC93-2B0B6E007417}.ReleaseQ8-OpenMP|x64.ActiveCfg = Release|Any CPU
		{6F0468A9-22FA-4965-AC93-2B0B6E007417}.ReleaseQ8-OpenMP|x86.ActiveCfg = Release|Any CPU
		{6F0468A9-22FA-4965-AC93-2B0B6E007417}.Test|Any CPU.ActiveCfg = Debug|Any CPU
		{6F0468A9-22FA-4965-AC93-2B0B6E007417}.Test|arm64.ActiveCfg = Debug|Any CPU
		{6F0468A9-22FA-4965-AC93-2B0B6E007417}.Test|x64.ActiveCfg = Debug|Any CPU
		{6F0468A9-22FA-4965-AC93-2B0B6E007417}.Test|x86.ActiveCfg = Debug|Any CPU
		{6F0468A9-22FA-4965-AC93-2B0B6E007417}.TestQ16|Any CPU.ActiveCfg = Debug|Any CPU
		{6F0468A9-22FA-4965-AC93-2B0B6E007417}.TestQ16|arm64.ActiveCfg = Debug|Any CPU
		{6F0468A9-22FA-4965-AC93-2B0B6E007417}.TestQ16|x64.ActiveCfg = Debug|Any CPU
		{6F0468A9-22FA-4965-AC93-2B0B6E007417}.TestQ16|x86.ActiveCfg = Debug|Any CPU
		{6F0468A9-22FA-4965-AC93-2B0B6E007417}.TestQ16-HDRI|Any CPU.ActiveCfg = Debug|Any CPU
		{6F0468A9-22FA-4965-AC93-2B0B6E007417}.TestQ16-HDRI|arm64.ActiveCfg = Debug|Any CPU
		{6F0468A9-22FA-4965-AC93-2B0B6E007417}.TestQ16-HDRI|x64.ActiveCfg = Debug|Any CPU
		{6F0468A9-22FA-4965-AC93-2B0B6E007417}.TestQ16-HDRI|x86.ActiveCfg = Debug|Any CPU
		{6F0468A9-22FA-4965-AC93-2B0B6E007417}.TestQ16-HDRI-OpenMP|Any CPU.ActiveCfg = Debug|Any CPU
		{6F0468A9-22FA-4965-AC93-2B0B6E007417}.TestQ16-HDRI-OpenMP|arm64.ActiveCfg = Debug|Any CPU
		{6F0468A9-22FA-4965-AC93-2B0B6E007417}.TestQ16-HDRI-OpenMP|x64.ActiveCfg = Debug|Any CPU
		{6F0468A9-22FA-4965-AC93-2B0B6E007417}.TestQ16-HDRI-OpenMP|x86.ActiveCfg = Debug|Any CPU
		{6F0468A9-22FA-4965-AC93-2B0B6E007417}.TestQ16-OpenMP|Any CPU.ActiveCfg = Debug|Any CPU
		{6F0468A9-22FA-4965-AC93-2B0B6E007417}.TestQ16-OpenMP|arm64.ActiveCfg = Debug|Any CPU
		{6F0468A9-22FA-4965-AC93-2B0B6E007417}.TestQ16-OpenMP|x64.ActiveCfg = Debug|Any CPU
		{6F0468A9-22FA-4965-AC93-2B0B6E007417}.TestQ16-OpenMP|x86.ActiveCfg = Debug|Any CPU
		{6F0468A9-22FA-4965-AC93-2B0B6E007417}.TestQ8|Any CPU.ActiveCfg = Debug|Any CPU
		{6F0468A9-22FA-4965-AC93-2B0B6E007417}.TestQ8|arm64.ActiveCfg = Debug|Any CPU
		{6F0468A9-22FA-4965-AC93-2B0B6E007417}.TestQ8|x64.ActiveCfg = Debug|Any CPU
		{6F0468A9-22FA-4965-AC93-2B0B6E007417}.TestQ8|x86.ActiveCfg = Debug|Any CPU
		{6F0468A9-22FA-4965-AC93-2B0B6E007417}.TestQ8-OpenMP|Any CPU.ActiveCfg = Debug|Any CPU
		{6F0468A9-22FA-4965-AC93-2B0B6E007417}.TestQ8-OpenMP|arm64.ActiveCfg = Debug|Any CPU
		{6F0468A9-22FA-4965-AC93-2B0B6E007417}.TestQ8-OpenMP|x64.ActiveCfg = Debug|Any CPU
		{6F0468A9-22FA-4965-AC93-2B0B6E007417}.TestQ8-OpenMP|x86.ActiveCfg = Debug|Any CPU
		{4D78DF03-956C-4BA6-84C1-7023C41672E3}.Debug|Any CPU.ActiveCfg = Debug|Any CPU
		{4D78DF03-956C-4BA6-84C1-7023C41672E3}.Debug|Any CPU.Build.0 = Debug|Any CPU
		{4D78DF03-956C-4BA6-84C1-7023C41672E3}.Debug|arm64.ActiveCfg = Debug|Any CPU
		{4D78DF03-956C-4BA6-84C1-7023C41672E3}.Debug|arm64.Build.0 = Debug|Any CPU
		{4D78DF03-956C-4BA6-84C1-7023C41672E3}.Debug|x64.ActiveCfg = Debug|Any CPU
		{4D78DF03-956C-4BA6-84C1-7023C41672E3}.Debug|x64.Build.0 = Debug|Any CPU
		{4D78DF03-956C-4BA6-84C1-7023C41672E3}.Debug|x86.ActiveCfg = Debug|Any CPU
		{4D78DF03-956C-4BA6-84C1-7023C41672E3}.Debug|x86.Build.0 = Debug|Any CPU
		{4D78DF03-956C-4BA6-84C1-7023C41672E3}.DebugQ16|Any CPU.ActiveCfg = Debug|Any CPU
		{4D78DF03-956C-4BA6-84C1-7023C41672E3}.DebugQ16|Any CPU.Build.0 = Debug|Any CPU
		{4D78DF03-956C-4BA6-84C1-7023C41672E3}.DebugQ16|arm64.ActiveCfg = Debug|Any CPU
		{4D78DF03-956C-4BA6-84C1-7023C41672E3}.DebugQ16|arm64.Build.0 = Debug|Any CPU
		{4D78DF03-956C-4BA6-84C1-7023C41672E3}.DebugQ16|x64.ActiveCfg = Debug|Any CPU
		{4D78DF03-956C-4BA6-84C1-7023C41672E3}.DebugQ16|x64.Build.0 = Debug|Any CPU
		{4D78DF03-956C-4BA6-84C1-7023C41672E3}.DebugQ16|x86.ActiveCfg = Debug|Any CPU
		{4D78DF03-956C-4BA6-84C1-7023C41672E3}.DebugQ16|x86.Build.0 = Debug|Any CPU
		{4D78DF03-956C-4BA6-84C1-7023C41672E3}.DebugQ16-HDRI|Any CPU.ActiveCfg = Debug|Any CPU
		{4D78DF03-956C-4BA6-84C1-7023C41672E3}.DebugQ16-HDRI|Any CPU.Build.0 = Debug|Any CPU
		{4D78DF03-956C-4BA6-84C1-7023C41672E3}.DebugQ16-HDRI|arm64.ActiveCfg = Debug|Any CPU
		{4D78DF03-956C-4BA6-84C1-7023C41672E3}.DebugQ16-HDRI|arm64.Build.0 = Debug|Any CPU
		{4D78DF03-956C-4BA6-84C1-7023C41672E3}.DebugQ16-HDRI|x64.ActiveCfg = Debug|Any CPU
		{4D78DF03-956C-4BA6-84C1-7023C41672E3}.DebugQ16-HDRI|x64.Build.0 = Debug|Any CPU
		{4D78DF03-956C-4BA6-84C1-7023C41672E3}.DebugQ16-HDRI|x86.ActiveCfg = Debug|Any CPU
		{4D78DF03-956C-4BA6-84C1-7023C41672E3}.DebugQ16-HDRI|x86.Build.0 = Debug|Any CPU
		{4D78DF03-956C-4BA6-84C1-7023C41672E3}.DebugQ8|Any CPU.ActiveCfg = Debug|Any CPU
		{4D78DF03-956C-4BA6-84C1-7023C41672E3}.DebugQ8|Any CPU.Build.0 = Debug|Any CPU
		{4D78DF03-956C-4BA6-84C1-7023C41672E3}.DebugQ8|arm64.ActiveCfg = Debug|Any CPU
		{4D78DF03-956C-4BA6-84C1-7023C41672E3}.DebugQ8|arm64.Build.0 = Debug|Any CPU
		{4D78DF03-956C-4BA6-84C1-7023C41672E3}.DebugQ8|x64.ActiveCfg = Debug|Any CPU
		{4D78DF03-956C-4BA6-84C1-7023C41672E3}.DebugQ8|x64.Build.0 = Debug|Any CPU
		{4D78DF03-956C-4BA6-84C1-7023C41672E3}.DebugQ8|x86.ActiveCfg = Debug|Any CPU
		{4D78DF03-956C-4BA6-84C1-7023C41672E3}.DebugQ8|x86.Build.0 = Debug|Any CPU
		{4D78DF03-956C-4BA6-84C1-7023C41672E3}.Release|Any CPU.ActiveCfg = Release|Any CPU
		{4D78DF03-956C-4BA6-84C1-7023C41672E3}.Release|Any CPU.Build.0 = Release|Any CPU
		{4D78DF03-956C-4BA6-84C1-7023C41672E3}.Release|arm64.ActiveCfg = Release|Any CPU
		{4D78DF03-956C-4BA6-84C1-7023C41672E3}.Release|arm64.Build.0 = Release|Any CPU
		{4D78DF03-956C-4BA6-84C1-7023C41672E3}.Release|x64.ActiveCfg = Release|Any CPU
		{4D78DF03-956C-4BA6-84C1-7023C41672E3}.Release|x64.Build.0 = Release|Any CPU
		{4D78DF03-956C-4BA6-84C1-7023C41672E3}.Release|x86.ActiveCfg = Release|Any CPU
		{4D78DF03-956C-4BA6-84C1-7023C41672E3}.Release|x86.Build.0 = Release|Any CPU
		{4D78DF03-956C-4BA6-84C1-7023C41672E3}.ReleaseQ16|Any CPU.ActiveCfg = Release|Any CPU
		{4D78DF03-956C-4BA6-84C1-7023C41672E3}.ReleaseQ16|Any CPU.Build.0 = Release|Any CPU
		{4D78DF03-956C-4BA6-84C1-7023C41672E3}.ReleaseQ16|arm64.ActiveCfg = Release|Any CPU
		{4D78DF03-956C-4BA6-84C1-7023C41672E3}.ReleaseQ16|arm64.Build.0 = Release|Any CPU
		{4D78DF03-956C-4BA6-84C1-7023C41672E3}.ReleaseQ16|x64.ActiveCfg = Release|Any CPU
		{4D78DF03-956C-4BA6-84C1-7023C41672E3}.ReleaseQ16|x64.Build.0 = Release|Any CPU
		{4D78DF03-956C-4BA6-84C1-7023C41672E3}.ReleaseQ16|x86.ActiveCfg = Release|Any CPU
		{4D78DF03-956C-4BA6-84C1-7023C41672E3}.ReleaseQ16|x86.Build.0 = Release|Any CPU
		{4D78DF03-956C-4BA6-84C1-7023C41672E3}.ReleaseQ16-HDRI|Any CPU.ActiveCfg = Release|Any CPU
		{4D78DF03-956C-4BA6-84C1-7023C41672E3}.ReleaseQ16-HDRI|Any CPU.Build.0 = Release|Any CPU
		{4D78DF03-956C-4BA6-84C1-7023C41672E3}.ReleaseQ16-HDRI|arm64.ActiveCfg = Release|Any CPU
		{4D78DF03-956C-4BA6-84C1-7023C41672E3}.ReleaseQ16-HDRI|arm64.Build.0 = Release|Any CPU
		{4D78DF03-956C-4BA6-84C1-7023C41672E3}.ReleaseQ16-HDRI|x64.ActiveCfg = Release|Any CPU
		{4D78DF03-956C-4BA6-84C1-7023C41672E3}.ReleaseQ16-HDRI|x64.Build.0 = Release|Any CPU
		{4D78DF03-956C-4BA6-84C1-7023C41672E3}.ReleaseQ16-HDRI|x86.ActiveCfg = Release|Any CPU
		{4D78DF03-956C-4BA6-84C1-7023C41672E3}.ReleaseQ16-HDRI|x86.Build.0 = Release|Any CPU
		{4D78DF03-956C-4BA6-84C1-7023C41672E3}.ReleaseQ16-HDRI-OpenMP|Any CPU.ActiveCfg = Release|Any CPU
		{4D78DF03-956C-4BA6-84C1-7023C41672E3}.ReleaseQ16-HDRI-OpenMP|Any CPU.Build.0 = Release|Any CPU
		{4D78DF03-956C-4BA6-84C1-7023C41672E3}.ReleaseQ16-HDRI-OpenMP|arm64.ActiveCfg = Release|Any CPU
		{4D78DF03-956C-4BA6-84C1-7023C41672E3}.ReleaseQ16-HDRI-OpenMP|arm64.Build.0 = Release|Any CPU
		{4D78DF03-956C-4BA6-84C1-7023C41672E3}.ReleaseQ16-HDRI-OpenMP|x64.ActiveCfg = Release|Any CPU
		{4D78DF03-956C-4BA6-84C1-7023C41672E3}.ReleaseQ16-HDRI-OpenMP|x64.Build.0 = Release|Any CPU
		{4D78DF03-956C-4BA6-84C1-7023C41672E3}.ReleaseQ16-HDRI-OpenMP|x86.ActiveCfg = Release|Any CPU
		{4D78DF03-956C-4BA6-84C1-7023C41672E3}.ReleaseQ16-HDRI-OpenMP|x86.Build.0 = Release|Any CPU
		{4D78DF03-956C-4BA6-84C1-7023C41672E3}.ReleaseQ16-OpenMP|Any CPU.ActiveCfg = Release|Any CPU
		{4D78DF03-956C-4BA6-84C1-7023C41672E3}.ReleaseQ16-OpenMP|Any CPU.Build.0 = Release|Any CPU
		{4D78DF03-956C-4BA6-84C1-7023C41672E3}.ReleaseQ16-OpenMP|arm64.ActiveCfg = Release|Any CPU
		{4D78DF03-956C-4BA6-84C1-7023C41672E3}.ReleaseQ16-OpenMP|arm64.Build.0 = Release|Any CPU
		{4D78DF03-956C-4BA6-84C1-7023C41672E3}.ReleaseQ16-OpenMP|x64.ActiveCfg = Release|Any CPU
		{4D78DF03-956C-4BA6-84C1-7023C41672E3}.ReleaseQ16-OpenMP|x64.Build.0 = Release|Any CPU
		{4D78DF03-956C-4BA6-84C1-7023C41672E3}.ReleaseQ16-OpenMP|x86.ActiveCfg = Release|Any CPU
		{4D78DF03-956C-4BA6-84C1-7023C41672E3}.ReleaseQ16-OpenMP|x86.Build.0 = Release|Any CPU
		{4D78DF03-956C-4BA6-84C1-7023C41672E3}.ReleaseQ8|Any CPU.ActiveCfg = ReleaseQ8|Any CPU
		{4D78DF03-956C-4BA6-84C1-7023C41672E3}.ReleaseQ8|Any CPU.Build.0 = ReleaseQ8|Any CPU
		{4D78DF03-956C-4BA6-84C1-7023C41672E3}.ReleaseQ8|arm64.ActiveCfg = ReleaseQ8|arm64
		{4D78DF03-956C-4BA6-84C1-7023C41672E3}.ReleaseQ8|arm64.Build.0 = ReleaseQ8|arm64
		{4D78DF03-956C-4BA6-84C1-7023C41672E3}.ReleaseQ8|x64.ActiveCfg = ReleaseQ8|x64
		{4D78DF03-956C-4BA6-84C1-7023C41672E3}.ReleaseQ8|x64.Build.0 = ReleaseQ8|x64
		{4D78DF03-956C-4BA6-84C1-7023C41672E3}.ReleaseQ8|x86.ActiveCfg = ReleaseQ8|x86
		{4D78DF03-956C-4BA6-84C1-7023C41672E3}.ReleaseQ8|x86.Build.0 = ReleaseQ8|x86
		{4D78DF03-956C-4BA6-84C1-7023C41672E3}.ReleaseQ8-OpenMP|Any CPU.ActiveCfg = Release|Any CPU
		{4D78DF03-956C-4BA6-84C1-7023C41672E3}.ReleaseQ8-OpenMP|Any CPU.Build.0 = Release|Any CPU
		{4D78DF03-956C-4BA6-84C1-7023C41672E3}.ReleaseQ8-OpenMP|arm64.ActiveCfg = Release|Any CPU
		{4D78DF03-956C-4BA6-84C1-7023C41672E3}.ReleaseQ8-OpenMP|arm64.Build.0 = Release|Any CPU
		{4D78DF03-956C-4BA6-84C1-7023C41672E3}.ReleaseQ8-OpenMP|x64.ActiveCfg = Release|Any CPU
		{4D78DF03-956C-4BA6-84C1-7023C41672E3}.ReleaseQ8-OpenMP|x64.Build.0 = Release|Any CPU
		{4D78DF03-956C-4BA6-84C1-7023C41672E3}.ReleaseQ8-OpenMP|x86.ActiveCfg = Release|Any CPU
		{4D78DF03-956C-4BA6-84C1-7023C41672E3}.ReleaseQ8-OpenMP|x86.Build.0 = Release|Any CPU
		{4D78DF03-956C-4BA6-84C1-7023C41672E3}.Test|Any CPU.ActiveCfg = Debug|Any CPU
		{4D78DF03-956C-4BA6-84C1-7023C41672E3}.Test|Any CPU.Build.0 = Debug|Any CPU
		{4D78DF03-956C-4BA6-84C1-7023C41672E3}.Test|arm64.ActiveCfg = Debug|Any CPU
		{4D78DF03-956C-4BA6-84C1-7023C41672E3}.Test|arm64.Build.0 = Debug|Any CPU
		{4D78DF03-956C-4BA6-84C1-7023C41672E3}.Test|x64.ActiveCfg = Debug|Any CPU
		{4D78DF03-956C-4BA6-84C1-7023C41672E3}.Test|x64.Build.0 = Debug|Any CPU
		{4D78DF03-956C-4BA6-84C1-7023C41672E3}.Test|x86.ActiveCfg = Debug|Any CPU
		{4D78DF03-956C-4BA6-84C1-7023C41672E3}.Test|x86.Build.0 = Debug|Any CPU
		{4D78DF03-956C-4BA6-84C1-7023C41672E3}.TestQ16|Any CPU.ActiveCfg = Debug|Any CPU
		{4D78DF03-956C-4BA6-84C1-7023C41672E3}.TestQ16|Any CPU.Build.0 = Debug|Any CPU
		{4D78DF03-956C-4BA6-84C1-7023C41672E3}.TestQ16|arm64.ActiveCfg = Debug|Any CPU
		{4D78DF03-956C-4BA6-84C1-7023C41672E3}.TestQ16|arm64.Build.0 = Debug|Any CPU
		{4D78DF03-956C-4BA6-84C1-7023C41672E3}.TestQ16|x64.ActiveCfg = Debug|Any CPU
		{4D78DF03-956C-4BA6-84C1-7023C41672E3}.TestQ16|x64.Build.0 = Debug|Any CPU
		{4D78DF03-956C-4BA6-84C1-7023C41672E3}.TestQ16|x86.ActiveCfg = Debug|Any CPU
		{4D78DF03-956C-4BA6-84C1-7023C41672E3}.TestQ16|x86.Build.0 = Debug|Any CPU
		{4D78DF03-956C-4BA6-84C1-7023C41672E3}.TestQ16-HDRI|Any CPU.ActiveCfg = Debug|Any CPU
		{4D78DF03-956C-4BA6-84C1-7023C41672E3}.TestQ16-HDRI|Any CPU.Build.0 = Debug|Any CPU
		{4D78DF03-956C-4BA6-84C1-7023C41672E3}.TestQ16-HDRI|arm64.ActiveCfg = Debug|Any CPU
		{4D78DF03-956C-4BA6-84C1-7023C41672E3}.TestQ16-HDRI|arm64.Build.0 = Debug|Any CPU
		{4D78DF03-956C-4BA6-84C1-7023C41672E3}.TestQ16-HDRI|x64.ActiveCfg = Debug|Any CPU
		{4D78DF03-956C-4BA6-84C1-7023C41672E3}.TestQ16-HDRI|x64.Build.0 = Debug|Any CPU
		{4D78DF03-956C-4BA6-84C1-7023C41672E3}.TestQ16-HDRI|x86.ActiveCfg = Debug|Any CPU
		{4D78DF03-956C-4BA6-84C1-7023C41672E3}.TestQ16-HDRI|x86.Build.0 = Debug|Any CPU
		{4D78DF03-956C-4BA6-84C1-7023C41672E3}.TestQ16-HDRI-OpenMP|Any CPU.ActiveCfg = Debug|Any CPU
		{4D78DF03-956C-4BA6-84C1-7023C41672E3}.TestQ16-HDRI-OpenMP|Any CPU.Build.0 = Debug|Any CPU
		{4D78DF03-956C-4BA6-84C1-7023C41672E3}.TestQ16-HDRI-OpenMP|arm64.ActiveCfg = Debug|Any CPU
		{4D78DF03-956C-4BA6-84C1-7023C41672E3}.TestQ16-HDRI-OpenMP|arm64.Build.0 = Debug|Any CPU
		{4D78DF03-956C-4BA6-84C1-7023C41672E3}.TestQ16-HDRI-OpenMP|x64.ActiveCfg = Debug|Any CPU
		{4D78DF03-956C-4BA6-84C1-7023C41672E3}.TestQ16-HDRI-OpenMP|x64.Build.0 = Debug|Any CPU
		{4D78DF03-956C-4BA6-84C1-7023C41672E3}.TestQ16-HDRI-OpenMP|x86.ActiveCfg = Debug|Any CPU
		{4D78DF03-956C-4BA6-84C1-7023C41672E3}.TestQ16-HDRI-OpenMP|x86.Build.0 = Debug|Any CPU
		{4D78DF03-956C-4BA6-84C1-7023C41672E3}.TestQ16-OpenMP|Any CPU.ActiveCfg = Debug|Any CPU
		{4D78DF03-956C-4BA6-84C1-7023C41672E3}.TestQ16-OpenMP|Any CPU.Build.0 = Debug|Any CPU
		{4D78DF03-956C-4BA6-84C1-7023C41672E3}.TestQ16-OpenMP|arm64.ActiveCfg = Debug|Any CPU
		{4D78DF03-956C-4BA6-84C1-7023C41672E3}.TestQ16-OpenMP|arm64.Build.0 = Debug|Any CPU
		{4D78DF03-956C-4BA6-84C1-7023C41672E3}.TestQ16-OpenMP|x64.ActiveCfg = Debug|Any CPU
		{4D78DF03-956C-4BA6-84C1-7023C41672E3}.TestQ16-OpenMP|x64.Build.0 = Debug|Any CPU
		{4D78DF03-956C-4BA6-84C1-7023C41672E3}.TestQ16-OpenMP|x86.ActiveCfg = Debug|Any CPU
		{4D78DF03-956C-4BA6-84C1-7023C41672E3}.TestQ16-OpenMP|x86.Build.0 = Debug|Any CPU
		{4D78DF03-956C-4BA6-84C1-7023C41672E3}.TestQ8|Any CPU.ActiveCfg = Debug|Any CPU
		{4D78DF03-956C-4BA6-84C1-7023C41672E3}.TestQ8|Any CPU.Build.0 = Debug|Any CPU
		{4D78DF03-956C-4BA6-84C1-7023C41672E3}.TestQ8|arm64.ActiveCfg = Debug|Any CPU
		{4D78DF03-956C-4BA6-84C1-7023C41672E3}.TestQ8|arm64.Build.0 = Debug|Any CPU
		{4D78DF03-956C-4BA6-84C1-7023C41672E3}.TestQ8|x64.ActiveCfg = Debug|Any CPU
		{4D78DF03-956C-4BA6-84C1-7023C41672E3}.TestQ8|x64.Build.0 = Debug|Any CPU
		{4D78DF03-956C-4BA6-84C1-7023C41672E3}.TestQ8|x86.ActiveCfg = Debug|Any CPU
		{4D78DF03-956C-4BA6-84C1-7023C41672E3}.TestQ8|x86.Build.0 = Debug|Any CPU
		{4D78DF03-956C-4BA6-84C1-7023C41672E3}.TestQ8-OpenMP|Any CPU.ActiveCfg = Debug|Any CPU
		{4D78DF03-956C-4BA6-84C1-7023C41672E3}.TestQ8-OpenMP|Any CPU.Build.0 = Debug|Any CPU
		{4D78DF03-956C-4BA6-84C1-7023C41672E3}.TestQ8-OpenMP|arm64.ActiveCfg = Debug|Any CPU
		{4D78DF03-956C-4BA6-84C1-7023C41672E3}.TestQ8-OpenMP|arm64.Build.0 = Debug|Any CPU
		{4D78DF03-956C-4BA6-84C1-7023C41672E3}.TestQ8-OpenMP|x64.ActiveCfg = Debug|Any CPU
		{4D78DF03-956C-4BA6-84C1-7023C41672E3}.TestQ8-OpenMP|x64.Build.0 = Debug|Any CPU
		{4D78DF03-956C-4BA6-84C1-7023C41672E3}.TestQ8-OpenMP|x86.ActiveCfg = Debug|Any CPU
		{4D78DF03-956C-4BA6-84C1-7023C41672E3}.TestQ8-OpenMP|x86.Build.0 = Debug|Any CPU
	EndGlobalSection
	GlobalSection(SolutionProperties) = preSolution
		HideSolutionNode = FALSE
	EndGlobalSection
	GlobalSection(NestedProjects) = preSolution
		{8D4F3F3E-96B3-473F-B7CC-36ED5878DABC} = {AFCE2754-2BDC-4D0C-84A7-2552DEAFCEFD}
		{09729E70-F78F-4474-8ECC-F6D4C4029C85} = {AFCE2754-2BDC-4D0C-84A7-2552DEAFCEFD}
		{B71824E7-A3DA-4B30-88B7-0B6633CB73A5} = {AFCE2754-2BDC-4D0C-84A7-2552DEAFCEFD}
		{159287BE-9E61-428E-95B4-18C1CBD99DC7} = {2701758D-4B66-413C-B118-9FD4D7E8F0D7}
		{6F0468A9-22FA-4965-AC93-2B0B6E007417} = {2701758D-4B66-413C-B118-9FD4D7E8F0D7}
		{4D78DF03-956C-4BA6-84C1-7023C41672E3} = {2701758D-4B66-413C-B118-9FD4D7E8F0D7}
	EndGlobalSection
	GlobalSection(ExtensibilityGlobals) = postSolution
		SolutionGuid = {485AFB0B-DDD2-45E4-BE6D-18E9413177B9}
	EndGlobalSection
EndGlobal
